// !$*UTF8*$!
{
	archiveVersion = 1;
	classes = {
	};
	objectVersion = 56;
	objects = {

/* Begin PBXBuildFile section */
		6F0CE79E2C2134820057A6CE /* pascal.pdf in Resources */ = {isa = PBXBuildFile; fileRef = 6F0CE79B2C2134820057A6CE /* pascal.pdf */; };
		6F0CE79F2C2134820057A6CE /* Mini Pascal.docx in Resources */ = {isa = PBXBuildFile; fileRef = 6F0CE79C2C2134820057A6CE /* Mini Pascal.docx */; };
		6F0CE7A02C2134820057A6CE /* LFA&C 06 [C 03] - Compiladores - Análise Sintática.pptx in Resources */ = {isa = PBXBuildFile; fileRef = 6F0CE79D2C2134820057A6CE /* LFA&C 06 [C 03] - Compiladores - Análise Sintática.pptx */; };
		6F0CE7A22C2134F90057A6CE /* aula-10-anc3a1lise-sintc3a1tica-descendente.pdf in Resources */ = {isa = PBXBuildFile; fileRef = 6F0CE7A12C2134F80057A6CE /* aula-10-anc3a1lise-sintc3a1tica-descendente.pdf */; };
		6F0CE7A42C2135430057A6CE /* Syntax of Mini-Pascal.pdf in Resources */ = {isa = PBXBuildFile; fileRef = 6F0CE7A32C2135430057A6CE /* Syntax of Mini-Pascal.pdf */; };
		6F20B44F2BF16D6100EC1B0B /* LexicalAnalyzer.swift in Sources */ = {isa = PBXBuildFile; fileRef = 6F20B44E2BF16D6100EC1B0B /* LexicalAnalyzer.swift */; };
		6F20B4542BF1A23B00EC1B0B /* Errors.swift in Sources */ = {isa = PBXBuildFile; fileRef = 6F20B4532BF1A23B00EC1B0B /* Errors.swift */; };
		6F20B4562BF1A2CF00EC1B0B /* Terminators.swift in Sources */ = {isa = PBXBuildFile; fileRef = 6F20B4552BF1A2CF00EC1B0B /* Terminators.swift */; };
		6F20B45A2BF1A4D400EC1B0B /* NSRegularExpression+Extension.swift in Sources */ = {isa = PBXBuildFile; fileRef = 6F20B4592BF1A4D400EC1B0B /* NSRegularExpression+Extension.swift */; };
		6F20B45E2BF1A67200EC1B0B /* Alphabet.swift in Sources */ = {isa = PBXBuildFile; fileRef = 6F20B45D2BF1A67200EC1B0B /* Alphabet.swift */; };
		6F20B4622BF1AAE900EC1B0B /* RegexSource.swift in Sources */ = {isa = PBXBuildFile; fileRef = 6F20B4612BF1AAE900EC1B0B /* RegexSource.swift */; };
		6F20B4652BF1ADA700EC1B0B /* TransitionState.swift in Sources */ = {isa = PBXBuildFile; fileRef = 6F20B4642BF1ADA700EC1B0B /* TransitionState.swift */; };
		6F2A48F22C20E08D0039E69F /* SyntacticalAnalyzer.swift in Sources */ = {isa = PBXBuildFile; fileRef = 6F2A48F12C20E08D0039E69F /* SyntacticalAnalyzer.swift */; };
		6F3431572BF26F9C00455FE9 /* PTokenType.swift in Sources */ = {isa = PBXBuildFile; fileRef = 6F3431562BF26F9C00455FE9 /* PTokenType.swift */; };
		6F3431592BF277E800455FE9 /* FileScanner.swift in Sources */ = {isa = PBXBuildFile; fileRef = 6F3431582BF277E800455FE9 /* FileScanner.swift */; };
		6F3431622BF2FE2B00455FE9 /* LexicalAnalyzerTests.swift in Sources */ = {isa = PBXBuildFile; fileRef = 6F3431612BF2FE2A00455FE9 /* LexicalAnalyzerTests.swift */; };
		6F34316B2BF2FE6400455FE9 /* PTokenTests.swift in Sources */ = {isa = PBXBuildFile; fileRef = 6F34316A2BF2FE6400455FE9 /* PTokenTests.swift */; };
		6F34316D2BF2FE6F00455FE9 /* TokenClassTests.swift in Sources */ = {isa = PBXBuildFile; fileRef = 6F34316C2BF2FE6F00455FE9 /* TokenClassTests.swift */; };
		6F34316F2BF2FE7E00455FE9 /* PStateTests.swift in Sources */ = {isa = PBXBuildFile; fileRef = 6F34316E2BF2FE7E00455FE9 /* PStateTests.swift */; };
		6F3431722BF2FE9E00455FE9 /* AlphabetTests.swift in Sources */ = {isa = PBXBuildFile; fileRef = 6F3431712BF2FE9E00455FE9 /* AlphabetTests.swift */; };
		6F3431742BF2FEA700455FE9 /* NSRegularExpression+ExtensionTests.swift in Sources */ = {isa = PBXBuildFile; fileRef = 6F3431732BF2FEA700455FE9 /* NSRegularExpression+ExtensionTests.swift */; };
		6F3431792BF310A000455FE9 /* dfacdfsfc.swift in Sources */ = {isa = PBXBuildFile; fileRef = 6F3431782BF310A000455FE9 /* dfacdfsfc.swift */; };
		6F4D05602BF989F000E3630D /* CharType.swift in Sources */ = {isa = PBXBuildFile; fileRef = 6F4D055F2BF989F000E3630D /* CharType.swift */; };
		6F5817E22C264F580087EBA8 /* CodePickerView.swift in Sources */ = {isa = PBXBuildFile; fileRef = 6F5817E12C264F580087EBA8 /* CodePickerView.swift */; };
		6F685B0B2BF4173600F358FE /* TokenListItem.swift in Sources */ = {isa = PBXBuildFile; fileRef = 6F685B0A2BF4173600F358FE /* TokenListItem.swift */; };
		6F685B0D2BF4344300F358FE /* LexicalAnalysisView.swift in Sources */ = {isa = PBXBuildFile; fileRef = 6F685B0C2BF4344300F358FE /* LexicalAnalysisView.swift */; };
		6F685B102BF4355600F358FE /* ContentViewModel.swift in Sources */ = {isa = PBXBuildFile; fileRef = 6F685B0F2BF4355600F358FE /* ContentViewModel.swift */; };
		6F685B132BF4359400F358FE /* LexicalAnalysisViewModel.swift in Sources */ = {isa = PBXBuildFile; fileRef = 6F685B122BF4359400F358FE /* LexicalAnalysisViewModel.swift */; };
		6F685B162BF4631600F358FE /* CodeStyler.swift in Sources */ = {isa = PBXBuildFile; fileRef = 6F685B152BF4631600F358FE /* CodeStyler.swift */; };
		6F8B6C272BEBADDE00887CE7 /* lfacApp.swift in Sources */ = {isa = PBXBuildFile; fileRef = 6F8B6C262BEBADDE00887CE7 /* lfacApp.swift */; };
		6F8B6C292BEBADDE00887CE7 /* ContentView.swift in Sources */ = {isa = PBXBuildFile; fileRef = 6F8B6C282BEBADDE00887CE7 /* ContentView.swift */; };
		6F8B6C2B2BEBADE000887CE7 /* Assets.xcassets in Resources */ = {isa = PBXBuildFile; fileRef = 6F8B6C2A2BEBADE000887CE7 /* Assets.xcassets */; };
		6F8B6C2F2BEBADE000887CE7 /* Preview Assets.xcassets in Resources */ = {isa = PBXBuildFile; fileRef = 6F8B6C2E2BEBADE000887CE7 /* Preview Assets.xcassets */; };
		6F8B6C392BEBADE000887CE7 /* lfacTests.swift in Sources */ = {isa = PBXBuildFile; fileRef = 6F8B6C382BEBADE000887CE7 /* lfacTests.swift */; };
		6F8B6C432BEBADE000887CE7 /* lfacUITests.swift in Sources */ = {isa = PBXBuildFile; fileRef = 6F8B6C422BEBADE000887CE7 /* lfacUITests.swift */; };
		6F8B6C452BEBADE000887CE7 /* lfacUITestsLaunchTests.swift in Sources */ = {isa = PBXBuildFile; fileRef = 6F8B6C442BEBADE000887CE7 /* lfacUITestsLaunchTests.swift */; };
		6F8B6C572BEBAE5200887CE7 /* PToken.swift in Sources */ = {isa = PBXBuildFile; fileRef = 6F8B6C562BEBAE5200887CE7 /* PToken.swift */; };
		6F8B6C5C2BEBB55100887CE7 /* diagram-token-recko.pdf in Resources */ = {isa = PBXBuildFile; fileRef = 6F8B6C5A2BEBB55100887CE7 /* diagram-token-recko.pdf */; };
		6F8B6C5F2BEBC40F00887CE7 /* lex-token-recognizer.png in Resources */ = {isa = PBXBuildFile; fileRef = 6F8B6C5E2BEBC40F00887CE7 /* lex-token-recognizer.png */; };
		6F9535472C22597600ECE3EA /* code2.pscs in Resources */ = {isa = PBXBuildFile; fileRef = 6F9535462C22597600ECE3EA /* code2.pscs */; };
		6F99C7772C23283200B7A90B /* SyntacticalAnalyzerTests.swift in Sources */ = {isa = PBXBuildFile; fileRef = 6F99C7762C23283200B7A90B /* SyntacticalAnalyzerTests.swift */; };
		6F99C7792C232D3B00B7A90B /* code3.pscs in Resources */ = {isa = PBXBuildFile; fileRef = 6F99C7782C232D3B00B7A90B /* code3.pscs */; };
		6F99C77B2C232D6000B7A90B /* code4.pscs in Resources */ = {isa = PBXBuildFile; fileRef = 6F99C77A2C232D6000B7A90B /* code4.pscs */; };
		6FA365452BFAF19800558AFD /* code1.pscs in Resources */ = {isa = PBXBuildFile; fileRef = 6FA365442BFAF19800558AFD /* code1.pscs */; };
		D30D1BF52C19D441008A9F42 /* Parser.swift in Sources */ = {isa = PBXBuildFile; fileRef = D30D1BF42C19D441008A9F42 /* Parser.swift */; };
/* End PBXBuildFile section */

/* Begin PBXContainerItemProxy section */
		6F8B6C352BEBADE000887CE7 /* PBXContainerItemProxy */ = {
			isa = PBXContainerItemProxy;
			containerPortal = 6F8B6C1B2BEBADDE00887CE7 /* Project object */;
			proxyType = 1;
			remoteGlobalIDString = 6F8B6C222BEBADDE00887CE7;
			remoteInfo = lfac;
		};
		6F8B6C3F2BEBADE000887CE7 /* PBXContainerItemProxy */ = {
			isa = PBXContainerItemProxy;
			containerPortal = 6F8B6C1B2BEBADDE00887CE7 /* Project object */;
			proxyType = 1;
			remoteGlobalIDString = 6F8B6C222BEBADDE00887CE7;
			remoteInfo = lfac;
		};
/* End PBXContainerItemProxy section */

/* Begin PBXFileReference section */
		6F0CE79B2C2134820057A6CE /* pascal.pdf */ = {isa = PBXFileReference; lastKnownFileType = image.pdf; path = pascal.pdf; sourceTree = "<group>"; };
		6F0CE79C2C2134820057A6CE /* Mini Pascal.docx */ = {isa = PBXFileReference; lastKnownFileType = file; path = "Mini Pascal.docx"; sourceTree = "<group>"; };
		6F0CE79D2C2134820057A6CE /* LFA&C 06 [C 03] - Compiladores - Análise Sintática.pptx */ = {isa = PBXFileReference; lastKnownFileType = file; path = "LFA&C 06 [C 03] - Compiladores - Análise Sintática.pptx"; sourceTree = "<group>"; };
		6F0CE7A12C2134F80057A6CE /* aula-10-anc3a1lise-sintc3a1tica-descendente.pdf */ = {isa = PBXFileReference; lastKnownFileType = image.pdf; path = "aula-10-anc3a1lise-sintc3a1tica-descendente.pdf"; sourceTree = "<group>"; };
		6F0CE7A32C2135430057A6CE /* Syntax of Mini-Pascal.pdf */ = {isa = PBXFileReference; lastKnownFileType = image.pdf; path = "Syntax of Mini-Pascal.pdf"; sourceTree = "<group>"; };
		6F20B44E2BF16D6100EC1B0B /* LexicalAnalyzer.swift */ = {isa = PBXFileReference; lastKnownFileType = sourcecode.swift; path = LexicalAnalyzer.swift; sourceTree = "<group>"; };
		6F20B4532BF1A23B00EC1B0B /* Errors.swift */ = {isa = PBXFileReference; lastKnownFileType = sourcecode.swift; path = Errors.swift; sourceTree = "<group>"; };
		6F20B4552BF1A2CF00EC1B0B /* Terminators.swift */ = {isa = PBXFileReference; lastKnownFileType = sourcecode.swift; path = Terminators.swift; sourceTree = "<group>"; };
		6F20B4592BF1A4D400EC1B0B /* NSRegularExpression+Extension.swift */ = {isa = PBXFileReference; lastKnownFileType = sourcecode.swift; path = "NSRegularExpression+Extension.swift"; sourceTree = "<group>"; };
		6F20B45D2BF1A67200EC1B0B /* Alphabet.swift */ = {isa = PBXFileReference; lastKnownFileType = sourcecode.swift; path = Alphabet.swift; sourceTree = "<group>"; };
		6F20B4612BF1AAE900EC1B0B /* RegexSource.swift */ = {isa = PBXFileReference; lastKnownFileType = sourcecode.swift; path = RegexSource.swift; sourceTree = "<group>"; };
		6F20B4642BF1ADA700EC1B0B /* TransitionState.swift */ = {isa = PBXFileReference; lastKnownFileType = sourcecode.swift; path = TransitionState.swift; sourceTree = "<group>"; };
		6F2A48F12C20E08D0039E69F /* SyntacticalAnalyzer.swift */ = {isa = PBXFileReference; lastKnownFileType = sourcecode.swift; path = SyntacticalAnalyzer.swift; sourceTree = "<group>"; };
		6F3431562BF26F9C00455FE9 /* PTokenType.swift */ = {isa = PBXFileReference; lastKnownFileType = sourcecode.swift; path = PTokenType.swift; sourceTree = "<group>"; };
		6F3431582BF277E800455FE9 /* FileScanner.swift */ = {isa = PBXFileReference; lastKnownFileType = sourcecode.swift; path = FileScanner.swift; sourceTree = "<group>"; };
		6F3431612BF2FE2A00455FE9 /* LexicalAnalyzerTests.swift */ = {isa = PBXFileReference; lastKnownFileType = sourcecode.swift; path = LexicalAnalyzerTests.swift; sourceTree = "<group>"; };
		6F34316A2BF2FE6400455FE9 /* PTokenTests.swift */ = {isa = PBXFileReference; lastKnownFileType = sourcecode.swift; path = PTokenTests.swift; sourceTree = "<group>"; };
		6F34316C2BF2FE6F00455FE9 /* TokenClassTests.swift */ = {isa = PBXFileReference; lastKnownFileType = sourcecode.swift; path = TokenClassTests.swift; sourceTree = "<group>"; };
		6F34316E2BF2FE7E00455FE9 /* PStateTests.swift */ = {isa = PBXFileReference; lastKnownFileType = sourcecode.swift; path = PStateTests.swift; sourceTree = "<group>"; };
		6F3431712BF2FE9E00455FE9 /* AlphabetTests.swift */ = {isa = PBXFileReference; lastKnownFileType = sourcecode.swift; path = AlphabetTests.swift; sourceTree = "<group>"; };
		6F3431732BF2FEA700455FE9 /* NSRegularExpression+ExtensionTests.swift */ = {isa = PBXFileReference; lastKnownFileType = sourcecode.swift; path = "NSRegularExpression+ExtensionTests.swift"; sourceTree = "<group>"; };
		6F3431782BF310A000455FE9 /* dfacdfsfc.swift */ = {isa = PBXFileReference; lastKnownFileType = sourcecode.swift; path = dfacdfsfc.swift; sourceTree = "<group>"; };
		6F4D055F2BF989F000E3630D /* CharType.swift */ = {isa = PBXFileReference; lastKnownFileType = sourcecode.swift; path = CharType.swift; sourceTree = "<group>"; };
		6F5817E12C264F580087EBA8 /* CodePickerView.swift */ = {isa = PBXFileReference; lastKnownFileType = sourcecode.swift; path = CodePickerView.swift; sourceTree = "<group>"; };
		6F685B0A2BF4173600F358FE /* TokenListItem.swift */ = {isa = PBXFileReference; lastKnownFileType = sourcecode.swift; path = TokenListItem.swift; sourceTree = "<group>"; };
		6F685B0C2BF4344300F358FE /* LexicalAnalysisView.swift */ = {isa = PBXFileReference; lastKnownFileType = sourcecode.swift; path = LexicalAnalysisView.swift; sourceTree = "<group>"; };
		6F685B0F2BF4355600F358FE /* ContentViewModel.swift */ = {isa = PBXFileReference; lastKnownFileType = sourcecode.swift; path = ContentViewModel.swift; sourceTree = "<group>"; };
		6F685B122BF4359400F358FE /* LexicalAnalysisViewModel.swift */ = {isa = PBXFileReference; lastKnownFileType = sourcecode.swift; path = LexicalAnalysisViewModel.swift; sourceTree = "<group>"; };
		6F685B152BF4631600F358FE /* CodeStyler.swift */ = {isa = PBXFileReference; lastKnownFileType = sourcecode.swift; path = CodeStyler.swift; sourceTree = "<group>"; };
		6F8B6C232BEBADDE00887CE7 /* lfac.app */ = {isa = PBXFileReference; explicitFileType = wrapper.application; includeInIndex = 0; path = lfac.app; sourceTree = BUILT_PRODUCTS_DIR; };
		6F8B6C262BEBADDE00887CE7 /* lfacApp.swift */ = {isa = PBXFileReference; lastKnownFileType = sourcecode.swift; path = lfacApp.swift; sourceTree = "<group>"; };
		6F8B6C282BEBADDE00887CE7 /* ContentView.swift */ = {isa = PBXFileReference; lastKnownFileType = sourcecode.swift; path = ContentView.swift; sourceTree = "<group>"; };
		6F8B6C2A2BEBADE000887CE7 /* Assets.xcassets */ = {isa = PBXFileReference; lastKnownFileType = folder.assetcatalog; path = Assets.xcassets; sourceTree = "<group>"; };
		6F8B6C2C2BEBADE000887CE7 /* lfac.entitlements */ = {isa = PBXFileReference; lastKnownFileType = text.plist.entitlements; path = lfac.entitlements; sourceTree = "<group>"; };
		6F8B6C2E2BEBADE000887CE7 /* Preview Assets.xcassets */ = {isa = PBXFileReference; lastKnownFileType = folder.assetcatalog; path = "Preview Assets.xcassets"; sourceTree = "<group>"; };
		6F8B6C342BEBADE000887CE7 /* lfacTests.xctest */ = {isa = PBXFileReference; explicitFileType = wrapper.cfbundle; includeInIndex = 0; path = lfacTests.xctest; sourceTree = BUILT_PRODUCTS_DIR; };
		6F8B6C382BEBADE000887CE7 /* lfacTests.swift */ = {isa = PBXFileReference; lastKnownFileType = sourcecode.swift; path = lfacTests.swift; sourceTree = "<group>"; };
		6F8B6C3E2BEBADE000887CE7 /* lfacUITests.xctest */ = {isa = PBXFileReference; explicitFileType = wrapper.cfbundle; includeInIndex = 0; path = lfacUITests.xctest; sourceTree = BUILT_PRODUCTS_DIR; };
		6F8B6C422BEBADE000887CE7 /* lfacUITests.swift */ = {isa = PBXFileReference; lastKnownFileType = sourcecode.swift; path = lfacUITests.swift; sourceTree = "<group>"; };
		6F8B6C442BEBADE000887CE7 /* lfacUITestsLaunchTests.swift */ = {isa = PBXFileReference; lastKnownFileType = sourcecode.swift; path = lfacUITestsLaunchTests.swift; sourceTree = "<group>"; };
		6F8B6C562BEBAE5200887CE7 /* PToken.swift */ = {isa = PBXFileReference; lastKnownFileType = sourcecode.swift; path = PToken.swift; sourceTree = "<group>"; };
		6F8B6C5A2BEBB55100887CE7 /* diagram-token-recko.pdf */ = {isa = PBXFileReference; lastKnownFileType = image.pdf; path = "diagram-token-recko.pdf"; sourceTree = "<group>"; };
		6F8B6C5E2BEBC40F00887CE7 /* lex-token-recognizer.png */ = {isa = PBXFileReference; lastKnownFileType = image.png; path = "lex-token-recognizer.png"; sourceTree = "<group>"; };
		6F9535462C22597600ECE3EA /* code2.pscs */ = {isa = PBXFileReference; lastKnownFileType = text; path = code2.pscs; sourceTree = "<group>"; };
		6F99C7762C23283200B7A90B /* SyntacticalAnalyzerTests.swift */ = {isa = PBXFileReference; lastKnownFileType = sourcecode.swift; path = SyntacticalAnalyzerTests.swift; sourceTree = "<group>"; };
		6F99C7782C232D3B00B7A90B /* code3.pscs */ = {isa = PBXFileReference; lastKnownFileType = text; path = code3.pscs; sourceTree = "<group>"; };
		6F99C77A2C232D6000B7A90B /* code4.pscs */ = {isa = PBXFileReference; lastKnownFileType = text; path = code4.pscs; sourceTree = "<group>"; };
		6FA365442BFAF19800558AFD /* code1.pscs */ = {isa = PBXFileReference; lastKnownFileType = text; path = code1.pscs; sourceTree = "<group>"; };
		D30D1BF42C19D441008A9F42 /* Parser.swift */ = {isa = PBXFileReference; lastKnownFileType = sourcecode.swift; path = Parser.swift; sourceTree = "<group>"; };
/* End PBXFileReference section */

/* Begin PBXFrameworksBuildPhase section */
		6F8B6C202BEBADDE00887CE7 /* Frameworks */ = {
			isa = PBXFrameworksBuildPhase;
			buildActionMask = 2147483647;
			files = (
			);
			runOnlyForDeploymentPostprocessing = 0;
		};
		6F8B6C312BEBADE000887CE7 /* Frameworks */ = {
			isa = PBXFrameworksBuildPhase;
			buildActionMask = 2147483647;
			files = (
			);
			runOnlyForDeploymentPostprocessing = 0;
		};
		6F8B6C3B2BEBADE000887CE7 /* Frameworks */ = {
			isa = PBXFrameworksBuildPhase;
			buildActionMask = 2147483647;
			files = (
			);
			runOnlyForDeploymentPostprocessing = 0;
		};
/* End PBXFrameworksBuildPhase section */

/* Begin PBXGroup section */
		6F20B4502BF16D7100EC1B0B /* IDE */ = {
			isa = PBXGroup;
			children = (
				6F8B6C512BEBADF300887CE7 /* Models */,
				6F8B6C522BEBADF900887CE7 /* Scenes */,
				6F685B142BF4630E00F358FE /* Utils */,
			);
			path = IDE;
			sourceTree = "<group>";
		};
		6F20B4512BF1A20F00EC1B0B /* LANG */ = {
			isa = PBXGroup;
			children = (
				6F20B44E2BF16D6100EC1B0B /* LexicalAnalyzer.swift */,
				6F2A48F12C20E08D0039E69F /* SyntacticalAnalyzer.swift */,
				6F3431582BF277E800455FE9 /* FileScanner.swift */,
				D30D1BF32C19D426008A9F42 /* Parser */,
				6F20B4632BF1AD9A00EC1B0B /* Models */,
				6F20B4522BF1A22400EC1B0B /* Utils */,
			);
			path = LANG;
			sourceTree = "<group>";
		};
		6F20B4522BF1A22400EC1B0B /* Utils */ = {
			isa = PBXGroup;
			children = (
				6F20B45D2BF1A67200EC1B0B /* Alphabet.swift */,
				6F20B4532BF1A23B00EC1B0B /* Errors.swift */,
				6F20B4612BF1AAE900EC1B0B /* RegexSource.swift */,
				6F20B4552BF1A2CF00EC1B0B /* Terminators.swift */,
				6F20B4582BF1A4BA00EC1B0B /* Extensions */,
			);
			path = Utils;
			sourceTree = "<group>";
		};
		6F20B4582BF1A4BA00EC1B0B /* Extensions */ = {
			isa = PBXGroup;
			children = (
				6F20B4592BF1A4D400EC1B0B /* NSRegularExpression+Extension.swift */,
			);
			path = Extensions;
			sourceTree = "<group>";
		};
		6F20B4632BF1AD9A00EC1B0B /* Models */ = {
			isa = PBXGroup;
			children = (
				6F8B6C562BEBAE5200887CE7 /* PToken.swift */,
				6F3431562BF26F9C00455FE9 /* PTokenType.swift */,
				6F20B4642BF1ADA700EC1B0B /* TransitionState.swift */,
				6F4D055F2BF989F000E3630D /* CharType.swift */,
			);
			path = Models;
			sourceTree = "<group>";
		};
		6F34315D2BF2FDC300455FE9 /* LANG */ = {
			isa = PBXGroup;
			children = (
				6F3431612BF2FE2A00455FE9 /* LexicalAnalyzerTests.swift */,
				6F99C7762C23283200B7A90B /* SyntacticalAnalyzerTests.swift */,
				6F3431692BF2FE5600455FE9 /* Models */,
				6F3431702BF2FE8A00455FE9 /* Utils */,
			);
			path = LANG;
			sourceTree = "<group>";
		};
		6F3431692BF2FE5600455FE9 /* Models */ = {
			isa = PBXGroup;
			children = (
				6F34316A2BF2FE6400455FE9 /* PTokenTests.swift */,
				6F34316C2BF2FE6F00455FE9 /* TokenClassTests.swift */,
				6F34316E2BF2FE7E00455FE9 /* PStateTests.swift */,
			);
			path = Models;
			sourceTree = "<group>";
		};
		6F3431702BF2FE8A00455FE9 /* Utils */ = {
			isa = PBXGroup;
			children = (
				6F3431712BF2FE9E00455FE9 /* AlphabetTests.swift */,
				6F3431772BF2FEC500455FE9 /* Extensions */,
			);
			path = Utils;
			sourceTree = "<group>";
		};
		6F3431772BF2FEC500455FE9 /* Extensions */ = {
			isa = PBXGroup;
			children = (
				6F3431732BF2FEA700455FE9 /* NSRegularExpression+ExtensionTests.swift */,
			);
			path = Extensions;
			sourceTree = "<group>";
		};
		6F685B092BF4171100F358FE /* Components */ = {
			isa = PBXGroup;
			children = (
				6F685B0A2BF4173600F358FE /* TokenListItem.swift */,
			);
			path = Components;
			sourceTree = "<group>";
		};
		6F685B0E2BF4353400F358FE /* Home */ = {
			isa = PBXGroup;
			children = (
				6F8B6C282BEBADDE00887CE7 /* ContentView.swift */,
				6F5817E12C264F580087EBA8 /* CodePickerView.swift */,
				6F685B0F2BF4355600F358FE /* ContentViewModel.swift */,
			);
			path = Home;
			sourceTree = "<group>";
		};
		6F685B112BF4357D00F358FE /* LexicalAnalysis */ = {
			isa = PBXGroup;
			children = (
				6F685B0C2BF4344300F358FE /* LexicalAnalysisView.swift */,
				6F685B122BF4359400F358FE /* LexicalAnalysisViewModel.swift */,
			);
			path = LexicalAnalysis;
			sourceTree = "<group>";
		};
		6F685B142BF4630E00F358FE /* Utils */ = {
			isa = PBXGroup;
			children = (
				6F685B152BF4631600F358FE /* CodeStyler.swift */,
			);
			path = Utils;
			sourceTree = "<group>";
		};
		6F8B6C1A2BEBADDE00887CE7 = {
			isa = PBXGroup;
			children = (
				6F8B6C252BEBADDE00887CE7 /* lfac */,
				6F8B6C372BEBADE000887CE7 /* lfacTests */,
				6F8B6C412BEBADE000887CE7 /* lfacUITests */,
				6F8B6C242BEBADDE00887CE7 /* Products */,
			);
			sourceTree = "<group>";
		};
		6F8B6C242BEBADDE00887CE7 /* Products */ = {
			isa = PBXGroup;
			children = (
				6F8B6C232BEBADDE00887CE7 /* lfac.app */,
				6F8B6C342BEBADE000887CE7 /* lfacTests.xctest */,
				6F8B6C3E2BEBADE000887CE7 /* lfacUITests.xctest */,
			);
			name = Products;
			sourceTree = "<group>";
		};
		6F8B6C252BEBADDE00887CE7 /* lfac */ = {
			isa = PBXGroup;
			children = (
				6F8B6C2C2BEBADE000887CE7 /* lfac.entitlements */,
				6F3431782BF310A000455FE9 /* dfacdfsfc.swift */,
				6FA365442BFAF19800558AFD /* code1.pscs */,
				6F9535462C22597600ECE3EA /* code2.pscs */,
				6F99C7782C232D3B00B7A90B /* code3.pscs */,
				6F99C77A2C232D6000B7A90B /* code4.pscs */,
				6F8B6C582BEBAE7200887CE7 /* App */,
				6F20B4502BF16D7100EC1B0B /* IDE */,
				6F20B4512BF1A20F00EC1B0B /* LANG */,
				6F8B6C2D2BEBADE000887CE7 /* Preview Content */,
				6F8B6C592BEBAE8300887CE7 /* Resources */,
			);
			path = lfac;
			sourceTree = "<group>";
		};
		6F8B6C2D2BEBADE000887CE7 /* Preview Content */ = {
			isa = PBXGroup;
			children = (
				6F8B6C2E2BEBADE000887CE7 /* Preview Assets.xcassets */,
			);
			path = "Preview Content";
			sourceTree = "<group>";
		};
		6F8B6C372BEBADE000887CE7 /* lfacTests */ = {
			isa = PBXGroup;
			children = (
				6F8B6C382BEBADE000887CE7 /* lfacTests.swift */,
				6F34315D2BF2FDC300455FE9 /* LANG */,
			);
			path = lfacTests;
			sourceTree = "<group>";
		};
		6F8B6C412BEBADE000887CE7 /* lfacUITests */ = {
			isa = PBXGroup;
			children = (
				6F8B6C422BEBADE000887CE7 /* lfacUITests.swift */,
				6F8B6C442BEBADE000887CE7 /* lfacUITestsLaunchTests.swift */,
			);
			path = lfacUITests;
			sourceTree = "<group>";
		};
		6F8B6C512BEBADF300887CE7 /* Models */ = {
			isa = PBXGroup;
			children = (
			);
			path = Models;
			sourceTree = "<group>";
		};
		6F8B6C522BEBADF900887CE7 /* Scenes */ = {
			isa = PBXGroup;
			children = (
				6F685B092BF4171100F358FE /* Components */,
				6F685B0E2BF4353400F358FE /* Home */,
				6F685B112BF4357D00F358FE /* LexicalAnalysis */,
			);
			path = Scenes;
			sourceTree = "<group>";
		};
		6F8B6C582BEBAE7200887CE7 /* App */ = {
			isa = PBXGroup;
			children = (
				6F8B6C262BEBADDE00887CE7 /* lfacApp.swift */,
			);
			path = App;
			sourceTree = "<group>";
		};
		6F8B6C592BEBAE8300887CE7 /* Resources */ = {
			isa = PBXGroup;
			children = (
				6F8B6C5D2BEBC3C700887CE7 /* Documents */,
				6F8B6C5B2BEBB55100887CE7 /* Diagrams */,
				6F8B6C2A2BEBADE000887CE7 /* Assets.xcassets */,
			);
			path = Resources;
			sourceTree = "<group>";
		};
		6F8B6C5B2BEBB55100887CE7 /* Diagrams */ = {
			isa = PBXGroup;
			children = (
				6F8B6C5E2BEBC40F00887CE7 /* lex-token-recognizer.png */,
			);
			path = Diagrams;
			sourceTree = "<group>";
		};
		6F8B6C5D2BEBC3C700887CE7 /* Documents */ = {
			isa = PBXGroup;
			children = (
				6F0CE7A12C2134F80057A6CE /* aula-10-anc3a1lise-sintc3a1tica-descendente.pdf */,
				6F8B6C5A2BEBB55100887CE7 /* diagram-token-recko.pdf */,
				6F0CE79D2C2134820057A6CE /* LFA&C 06 [C 03] - Compiladores - Análise Sintática.pptx */,
				6F0CE79C2C2134820057A6CE /* Mini Pascal.docx */,
				6F0CE79B2C2134820057A6CE /* pascal.pdf */,
				6F0CE7A32C2135430057A6CE /* Syntax of Mini-Pascal.pdf */,
			);
			path = Documents;
			sourceTree = "<group>";
		};
		D30D1BF32C19D426008A9F42 /* Parser */ = {
			isa = PBXGroup;
			children = (
				D30D1BF42C19D441008A9F42 /* Parser.swift */,
			);
			path = Parser;
			sourceTree = "<group>";
		};
/* End PBXGroup section */

/* Begin PBXNativeTarget section */
		6F8B6C222BEBADDE00887CE7 /* lfac */ = {
			isa = PBXNativeTarget;
			buildConfigurationList = 6F8B6C482BEBADE000887CE7 /* Build configuration list for PBXNativeTarget "lfac" */;
			buildPhases = (
				6F8B6C1F2BEBADDE00887CE7 /* Sources */,
				6F8B6C202BEBADDE00887CE7 /* Frameworks */,
				6F8B6C212BEBADDE00887CE7 /* Resources */,
			);
			buildRules = (
			);
			dependencies = (
			);
			name = lfac;
			productName = lfac;
			productReference = 6F8B6C232BEBADDE00887CE7 /* lfac.app */;
			productType = "com.apple.product-type.application";
		};
		6F8B6C332BEBADE000887CE7 /* lfacTests */ = {
			isa = PBXNativeTarget;
			buildConfigurationList = 6F8B6C4B2BEBADE000887CE7 /* Build configuration list for PBXNativeTarget "lfacTests" */;
			buildPhases = (
				6F8B6C302BEBADE000887CE7 /* Sources */,
				6F8B6C312BEBADE000887CE7 /* Frameworks */,
				6F8B6C322BEBADE000887CE7 /* Resources */,
			);
			buildRules = (
			);
			dependencies = (
				6F8B6C362BEBADE000887CE7 /* PBXTargetDependency */,
			);
			name = lfacTests;
			productName = lfacTests;
			productReference = 6F8B6C342BEBADE000887CE7 /* lfacTests.xctest */;
			productType = "com.apple.product-type.bundle.unit-test";
		};
		6F8B6C3D2BEBADE000887CE7 /* lfacUITests */ = {
			isa = PBXNativeTarget;
			buildConfigurationList = 6F8B6C4E2BEBADE000887CE7 /* Build configuration list for PBXNativeTarget "lfacUITests" */;
			buildPhases = (
				6F8B6C3A2BEBADE000887CE7 /* Sources */,
				6F8B6C3B2BEBADE000887CE7 /* Frameworks */,
				6F8B6C3C2BEBADE000887CE7 /* Resources */,
			);
			buildRules = (
			);
			dependencies = (
				6F8B6C402BEBADE000887CE7 /* PBXTargetDependency */,
			);
			name = lfacUITests;
			productName = lfacUITests;
			productReference = 6F8B6C3E2BEBADE000887CE7 /* lfacUITests.xctest */;
			productType = "com.apple.product-type.bundle.ui-testing";
		};
/* End PBXNativeTarget section */

/* Begin PBXProject section */
		6F8B6C1B2BEBADDE00887CE7 /* Project object */ = {
			isa = PBXProject;
			attributes = {
				BuildIndependentTargetsInParallel = 1;
				LastSwiftUpdateCheck = 1530;
				LastUpgradeCheck = 1540;
				TargetAttributes = {
					6F8B6C222BEBADDE00887CE7 = {
						CreatedOnToolsVersion = 15.3;
					};
					6F8B6C332BEBADE000887CE7 = {
						CreatedOnToolsVersion = 15.3;
						TestTargetID = 6F8B6C222BEBADDE00887CE7;
					};
					6F8B6C3D2BEBADE000887CE7 = {
						CreatedOnToolsVersion = 15.3;
						TestTargetID = 6F8B6C222BEBADDE00887CE7;
					};
				};
			};
			buildConfigurationList = 6F8B6C1E2BEBADDE00887CE7 /* Build configuration list for PBXProject "lfac" */;
			compatibilityVersion = "Xcode 14.0";
			developmentRegion = en;
			hasScannedForEncodings = 0;
			knownRegions = (
				en,
				Base,
			);
			mainGroup = 6F8B6C1A2BEBADDE00887CE7;
			productRefGroup = 6F8B6C242BEBADDE00887CE7 /* Products */;
			projectDirPath = "";
			projectRoot = "";
			targets = (
				6F8B6C222BEBADDE00887CE7 /* lfac */,
				6F8B6C332BEBADE000887CE7 /* lfacTests */,
				6F8B6C3D2BEBADE000887CE7 /* lfacUITests */,
			);
		};
/* End PBXProject section */

/* Begin PBXResourcesBuildPhase section */
		6F8B6C212BEBADDE00887CE7 /* Resources */ = {
			isa = PBXResourcesBuildPhase;
			buildActionMask = 2147483647;
			files = (
				6F0CE79E2C2134820057A6CE /* pascal.pdf in Resources */,
				6F0CE7A42C2135430057A6CE /* Syntax of Mini-Pascal.pdf in Resources */,
				6F0CE7A22C2134F90057A6CE /* aula-10-anc3a1lise-sintc3a1tica-descendente.pdf in Resources */,
				6F9535472C22597600ECE3EA /* code2.pscs in Resources */,
				6F8B6C5C2BEBB55100887CE7 /* diagram-token-recko.pdf in Resources */,
				6FA365452BFAF19800558AFD /* code1.pscs in Resources */,
				6F99C77B2C232D6000B7A90B /* code4.pscs in Resources */,
				6F8B6C2F2BEBADE000887CE7 /* Preview Assets.xcassets in Resources */,
				6F99C7792C232D3B00B7A90B /* code3.pscs in Resources */,
				6F0CE79F2C2134820057A6CE /* Mini Pascal.docx in Resources */,
				6F8B6C2B2BEBADE000887CE7 /* Assets.xcassets in Resources */,
				6F0CE7A02C2134820057A6CE /* LFA&C 06 [C 03] - Compiladores - Análise Sintática.pptx in Resources */,
				6F8B6C5F2BEBC40F00887CE7 /* lex-token-recognizer.png in Resources */,
			);
			runOnlyForDeploymentPostprocessing = 0;
		};
		6F8B6C322BEBADE000887CE7 /* Resources */ = {
			isa = PBXResourcesBuildPhase;
			buildActionMask = 2147483647;
			files = (
			);
			runOnlyForDeploymentPostprocessing = 0;
		};
		6F8B6C3C2BEBADE000887CE7 /* Resources */ = {
			isa = PBXResourcesBuildPhase;
			buildActionMask = 2147483647;
			files = (
			);
			runOnlyForDeploymentPostprocessing = 0;
		};
/* End PBXResourcesBuildPhase section */

/* Begin PBXSourcesBuildPhase section */
		6F8B6C1F2BEBADDE00887CE7 /* Sources */ = {
			isa = PBXSourcesBuildPhase;
			buildActionMask = 2147483647;
			files = (
				6F20B4652BF1ADA700EC1B0B /* TransitionState.swift in Sources */,
				6F685B162BF4631600F358FE /* CodeStyler.swift in Sources */,
				6F8B6C292BEBADDE00887CE7 /* ContentView.swift in Sources */,
				6F20B45A2BF1A4D400EC1B0B /* NSRegularExpression+Extension.swift in Sources */,
				6F8B6C272BEBADDE00887CE7 /* lfacApp.swift in Sources */,
				6F685B0D2BF4344300F358FE /* LexicalAnalysisView.swift in Sources */,
				6F8B6C572BEBAE5200887CE7 /* PToken.swift in Sources */,
				6F20B4622BF1AAE900EC1B0B /* RegexSource.swift in Sources */,
				6F20B4562BF1A2CF00EC1B0B /* Terminators.swift in Sources */,
				6F685B0B2BF4173600F358FE /* TokenListItem.swift in Sources */,
				6F20B45E2BF1A67200EC1B0B /* Alphabet.swift in Sources */,
				6F4D05602BF989F000E3630D /* CharType.swift in Sources */,
				D30D1BF52C19D441008A9F42 /* Parser.swift in Sources */,
				6F2A48F22C20E08D0039E69F /* SyntacticalAnalyzer.swift in Sources */,
				6F3431592BF277E800455FE9 /* FileScanner.swift in Sources */,
				6F20B4542BF1A23B00EC1B0B /* Errors.swift in Sources */,
				6F685B102BF4355600F358FE /* ContentViewModel.swift in Sources */,
				6F3431572BF26F9C00455FE9 /* PTokenType.swift in Sources */,
				6F5817E22C264F580087EBA8 /* CodePickerView.swift in Sources */,
				6F3431792BF310A000455FE9 /* dfacdfsfc.swift in Sources */,
				6F685B132BF4359400F358FE /* LexicalAnalysisViewModel.swift in Sources */,
				6F20B44F2BF16D6100EC1B0B /* LexicalAnalyzer.swift in Sources */,
			);
			runOnlyForDeploymentPostprocessing = 0;
		};
		6F8B6C302BEBADE000887CE7 /* Sources */ = {
			isa = PBXSourcesBuildPhase;
			buildActionMask = 2147483647;
			files = (
				6F3431742BF2FEA700455FE9 /* NSRegularExpression+ExtensionTests.swift in Sources */,
				6F99C7772C23283200B7A90B /* SyntacticalAnalyzerTests.swift in Sources */,
				6F34316F2BF2FE7E00455FE9 /* PStateTests.swift in Sources */,
				6F3431622BF2FE2B00455FE9 /* LexicalAnalyzerTests.swift in Sources */,
				6F8B6C392BEBADE000887CE7 /* lfacTests.swift in Sources */,
				6F34316B2BF2FE6400455FE9 /* PTokenTests.swift in Sources */,
				6F3431722BF2FE9E00455FE9 /* AlphabetTests.swift in Sources */,
				6F34316D2BF2FE6F00455FE9 /* TokenClassTests.swift in Sources */,
			);
			runOnlyForDeploymentPostprocessing = 0;
		};
		6F8B6C3A2BEBADE000887CE7 /* Sources */ = {
			isa = PBXSourcesBuildPhase;
			buildActionMask = 2147483647;
			files = (
				6F8B6C452BEBADE000887CE7 /* lfacUITestsLaunchTests.swift in Sources */,
				6F8B6C432BEBADE000887CE7 /* lfacUITests.swift in Sources */,
			);
			runOnlyForDeploymentPostprocessing = 0;
		};
/* End PBXSourcesBuildPhase section */

/* Begin PBXTargetDependency section */
		6F8B6C362BEBADE000887CE7 /* PBXTargetDependency */ = {
			isa = PBXTargetDependency;
			target = 6F8B6C222BEBADDE00887CE7 /* lfac */;
			targetProxy = 6F8B6C352BEBADE000887CE7 /* PBXContainerItemProxy */;
		};
		6F8B6C402BEBADE000887CE7 /* PBXTargetDependency */ = {
			isa = PBXTargetDependency;
			target = 6F8B6C222BEBADDE00887CE7 /* lfac */;
			targetProxy = 6F8B6C3F2BEBADE000887CE7 /* PBXContainerItemProxy */;
		};
/* End PBXTargetDependency section */

/* Begin XCBuildConfiguration section */
		6F8B6C462BEBADE000887CE7 /* Debug */ = {
			isa = XCBuildConfiguration;
			buildSettings = {
				ALWAYS_SEARCH_USER_PATHS = NO;
				ASSETCATALOG_COMPILER_GENERATE_SWIFT_ASSET_SYMBOL_EXTENSIONS = YES;
				CLANG_ANALYZER_NONNULL = YES;
				CLANG_ANALYZER_NUMBER_OBJECT_CONVERSION = YES_AGGRESSIVE;
				CLANG_CXX_LANGUAGE_STANDARD = "gnu++20";
				CLANG_ENABLE_MODULES = YES;
				CLANG_ENABLE_OBJC_ARC = YES;
				CLANG_ENABLE_OBJC_WEAK = YES;
				CLANG_WARN_BLOCK_CAPTURE_AUTORELEASING = YES;
				CLANG_WARN_BOOL_CONVERSION = YES;
				CLANG_WARN_COMMA = YES;
				CLANG_WARN_CONSTANT_CONVERSION = YES;
				CLANG_WARN_DEPRECATED_OBJC_IMPLEMENTATIONS = YES;
				CLANG_WARN_DIRECT_OBJC_ISA_USAGE = YES_ERROR;
				CLANG_WARN_DOCUMENTATION_COMMENTS = YES;
				CLANG_WARN_EMPTY_BODY = YES;
				CLANG_WARN_ENUM_CONVERSION = YES;
				CLANG_WARN_INFINITE_RECURSION = YES;
				CLANG_WARN_INT_CONVERSION = YES;
				CLANG_WARN_NON_LITERAL_NULL_CONVERSION = YES;
				CLANG_WARN_OBJC_IMPLICIT_RETAIN_SELF = YES;
				CLANG_WARN_OBJC_LITERAL_CONVERSION = YES;
				CLANG_WARN_OBJC_ROOT_CLASS = YES_ERROR;
				CLANG_WARN_QUOTED_INCLUDE_IN_FRAMEWORK_HEADER = YES;
				CLANG_WARN_RANGE_LOOP_ANALYSIS = YES;
				CLANG_WARN_STRICT_PROTOTYPES = YES;
				CLANG_WARN_SUSPICIOUS_MOVE = YES;
				CLANG_WARN_UNGUARDED_AVAILABILITY = YES_AGGRESSIVE;
				CLANG_WARN_UNREACHABLE_CODE = YES;
				CLANG_WARN__DUPLICATE_METHOD_MATCH = YES;
				COPY_PHASE_STRIP = NO;
				DEAD_CODE_STRIPPING = YES;
				DEBUG_INFORMATION_FORMAT = dwarf;
				ENABLE_STRICT_OBJC_MSGSEND = YES;
				ENABLE_TESTABILITY = YES;
				ENABLE_USER_SCRIPT_SANDBOXING = YES;
				GCC_C_LANGUAGE_STANDARD = gnu17;
				GCC_DYNAMIC_NO_PIC = NO;
				GCC_NO_COMMON_BLOCKS = YES;
				GCC_OPTIMIZATION_LEVEL = 0;
				GCC_PREPROCESSOR_DEFINITIONS = (
					"DEBUG=1",
					"$(inherited)",
				);
				GCC_WARN_64_TO_32_BIT_CONVERSION = YES;
				GCC_WARN_ABOUT_RETURN_TYPE = YES_ERROR;
				GCC_WARN_UNDECLARED_SELECTOR = YES;
				GCC_WARN_UNINITIALIZED_AUTOS = YES_AGGRESSIVE;
				GCC_WARN_UNUSED_FUNCTION = YES;
				GCC_WARN_UNUSED_VARIABLE = YES;
				LOCALIZATION_PREFERS_STRING_CATALOGS = YES;
				MTL_ENABLE_DEBUG_INFO = INCLUDE_SOURCE;
				MTL_FAST_MATH = YES;
				ONLY_ACTIVE_ARCH = YES;
				SWIFT_ACTIVE_COMPILATION_CONDITIONS = "DEBUG $(inherited)";
				SWIFT_OPTIMIZATION_LEVEL = "-Onone";
			};
			name = Debug;
		};
		6F8B6C472BEBADE000887CE7 /* Release */ = {
			isa = XCBuildConfiguration;
			buildSettings = {
				ALWAYS_SEARCH_USER_PATHS = NO;
				ASSETCATALOG_COMPILER_GENERATE_SWIFT_ASSET_SYMBOL_EXTENSIONS = YES;
				CLANG_ANALYZER_NONNULL = YES;
				CLANG_ANALYZER_NUMBER_OBJECT_CONVERSION = YES_AGGRESSIVE;
				CLANG_CXX_LANGUAGE_STANDARD = "gnu++20";
				CLANG_ENABLE_MODULES = YES;
				CLANG_ENABLE_OBJC_ARC = YES;
				CLANG_ENABLE_OBJC_WEAK = YES;
				CLANG_WARN_BLOCK_CAPTURE_AUTORELEASING = YES;
				CLANG_WARN_BOOL_CONVERSION = YES;
				CLANG_WARN_COMMA = YES;
				CLANG_WARN_CONSTANT_CONVERSION = YES;
				CLANG_WARN_DEPRECATED_OBJC_IMPLEMENTATIONS = YES;
				CLANG_WARN_DIRECT_OBJC_ISA_USAGE = YES_ERROR;
				CLANG_WARN_DOCUMENTATION_COMMENTS = YES;
				CLANG_WARN_EMPTY_BODY = YES;
				CLANG_WARN_ENUM_CONVERSION = YES;
				CLANG_WARN_INFINITE_RECURSION = YES;
				CLANG_WARN_INT_CONVERSION = YES;
				CLANG_WARN_NON_LITERAL_NULL_CONVERSION = YES;
				CLANG_WARN_OBJC_IMPLICIT_RETAIN_SELF = YES;
				CLANG_WARN_OBJC_LITERAL_CONVERSION = YES;
				CLANG_WARN_OBJC_ROOT_CLASS = YES_ERROR;
				CLANG_WARN_QUOTED_INCLUDE_IN_FRAMEWORK_HEADER = YES;
				CLANG_WARN_RANGE_LOOP_ANALYSIS = YES;
				CLANG_WARN_STRICT_PROTOTYPES = YES;
				CLANG_WARN_SUSPICIOUS_MOVE = YES;
				CLANG_WARN_UNGUARDED_AVAILABILITY = YES_AGGRESSIVE;
				CLANG_WARN_UNREACHABLE_CODE = YES;
				CLANG_WARN__DUPLICATE_METHOD_MATCH = YES;
				COPY_PHASE_STRIP = NO;
				DEAD_CODE_STRIPPING = YES;
				DEBUG_INFORMATION_FORMAT = "dwarf-with-dsym";
				ENABLE_NS_ASSERTIONS = NO;
				ENABLE_STRICT_OBJC_MSGSEND = YES;
				ENABLE_USER_SCRIPT_SANDBOXING = YES;
				GCC_C_LANGUAGE_STANDARD = gnu17;
				GCC_NO_COMMON_BLOCKS = YES;
				GCC_WARN_64_TO_32_BIT_CONVERSION = YES;
				GCC_WARN_ABOUT_RETURN_TYPE = YES_ERROR;
				GCC_WARN_UNDECLARED_SELECTOR = YES;
				GCC_WARN_UNINITIALIZED_AUTOS = YES_AGGRESSIVE;
				GCC_WARN_UNUSED_FUNCTION = YES;
				GCC_WARN_UNUSED_VARIABLE = YES;
				LOCALIZATION_PREFERS_STRING_CATALOGS = YES;
				MTL_ENABLE_DEBUG_INFO = NO;
				MTL_FAST_MATH = YES;
				SWIFT_COMPILATION_MODE = wholemodule;
			};
			name = Release;
		};
		6F8B6C492BEBADE000887CE7 /* Debug */ = {
			isa = XCBuildConfiguration;
			buildSettings = {
				ASSETCATALOG_COMPILER_APPICON_NAME = AppIcon;
				ASSETCATALOG_COMPILER_GLOBAL_ACCENT_COLOR_NAME = AccentColor;
				CODE_SIGN_ENTITLEMENTS = lfac/lfac.entitlements;
				CODE_SIGN_STYLE = Automatic;
				CURRENT_PROJECT_VERSION = 1;
				DEAD_CODE_STRIPPING = YES;
				DEVELOPMENT_ASSET_PATHS = "\"lfac/Preview Content\"";
				DEVELOPMENT_TEAM = BNMNXQ97LQ;
				ENABLE_HARDENED_RUNTIME = YES;
				ENABLE_PREVIEWS = YES;
				GENERATE_INFOPLIST_FILE = YES;
				"INFOPLIST_KEY_UIApplicationSceneManifest_Generation[sdk=iphoneos*]" = YES;
				"INFOPLIST_KEY_UIApplicationSceneManifest_Generation[sdk=iphonesimulator*]" = YES;
				"INFOPLIST_KEY_UIApplicationSupportsIndirectInputEvents[sdk=iphoneos*]" = YES;
				"INFOPLIST_KEY_UIApplicationSupportsIndirectInputEvents[sdk=iphonesimulator*]" = YES;
				"INFOPLIST_KEY_UILaunchScreen_Generation[sdk=iphoneos*]" = YES;
				"INFOPLIST_KEY_UILaunchScreen_Generation[sdk=iphonesimulator*]" = YES;
				"INFOPLIST_KEY_UIStatusBarStyle[sdk=iphoneos*]" = UIStatusBarStyleDefault;
				"INFOPLIST_KEY_UIStatusBarStyle[sdk=iphonesimulator*]" = UIStatusBarStyleDefault;
				INFOPLIST_KEY_UISupportedInterfaceOrientations = "UIInterfaceOrientationLandscapeLeft UIInterfaceOrientationLandscapeRight";
				IPHONEOS_DEPLOYMENT_TARGET = 17.4;
				LD_RUNPATH_SEARCH_PATHS = "@executable_path/Frameworks";
				"LD_RUNPATH_SEARCH_PATHS[sdk=macosx*]" = "@executable_path/../Frameworks";
				MACOSX_DEPLOYMENT_TARGET = 14.4;
				MARKETING_VERSION = 1.0;
				PRODUCT_BUNDLE_IDENTIFIER = com.ucb.2024.lfac;
				PRODUCT_NAME = "$(TARGET_NAME)";
				SDKROOT = auto;
				SUPPORTED_PLATFORMS = "iphoneos iphonesimulator macosx";
				SWIFT_EMIT_LOC_STRINGS = YES;
				SWIFT_VERSION = 5.0;
				TARGETED_DEVICE_FAMILY = "1,2";
			};
			name = Debug;
		};
		6F8B6C4A2BEBADE000887CE7 /* Release */ = {
			isa = XCBuildConfiguration;
			buildSettings = {
				ASSETCATALOG_COMPILER_APPICON_NAME = AppIcon;
				ASSETCATALOG_COMPILER_GLOBAL_ACCENT_COLOR_NAME = AccentColor;
				CODE_SIGN_ENTITLEMENTS = lfac/lfac.entitlements;
				CODE_SIGN_STYLE = Automatic;
				CURRENT_PROJECT_VERSION = 1;
				DEAD_CODE_STRIPPING = YES;
				DEVELOPMENT_ASSET_PATHS = "\"lfac/Preview Content\"";
				DEVELOPMENT_TEAM = BNMNXQ97LQ;
				ENABLE_HARDENED_RUNTIME = YES;
				ENABLE_PREVIEWS = YES;
				GENERATE_INFOPLIST_FILE = YES;
				"INFOPLIST_KEY_UIApplicationSceneManifest_Generation[sdk=iphoneos*]" = YES;
				"INFOPLIST_KEY_UIApplicationSceneManifest_Generation[sdk=iphonesimulator*]" = YES;
				"INFOPLIST_KEY_UIApplicationSupportsIndirectInputEvents[sdk=iphoneos*]" = YES;
				"INFOPLIST_KEY_UIApplicationSupportsIndirectInputEvents[sdk=iphonesimulator*]" = YES;
				"INFOPLIST_KEY_UILaunchScreen_Generation[sdk=iphoneos*]" = YES;
				"INFOPLIST_KEY_UILaunchScreen_Generation[sdk=iphonesimulator*]" = YES;
				"INFOPLIST_KEY_UIStatusBarStyle[sdk=iphoneos*]" = UIStatusBarStyleDefault;
				"INFOPLIST_KEY_UIStatusBarStyle[sdk=iphonesimulator*]" = UIStatusBarStyleDefault;
				INFOPLIST_KEY_UISupportedInterfaceOrientations = "UIInterfaceOrientationLandscapeLeft UIInterfaceOrientationLandscapeRight";
				IPHONEOS_DEPLOYMENT_TARGET = 17.4;
				LD_RUNPATH_SEARCH_PATHS = "@executable_path/Frameworks";
				"LD_RUNPATH_SEARCH_PATHS[sdk=macosx*]" = "@executable_path/../Frameworks";
				MACOSX_DEPLOYMENT_TARGET = 14.4;
				MARKETING_VERSION = 1.0;
				PRODUCT_BUNDLE_IDENTIFIER = com.ucb.2024.lfac;
				PRODUCT_NAME = "$(TARGET_NAME)";
				SDKROOT = auto;
				SUPPORTED_PLATFORMS = "iphoneos iphonesimulator macosx";
				SWIFT_EMIT_LOC_STRINGS = YES;
				SWIFT_VERSION = 5.0;
				TARGETED_DEVICE_FAMILY = "1,2";
			};
			name = Release;
		};
		6F8B6C4C2BEBADE000887CE7 /* Debug */ = {
			isa = XCBuildConfiguration;
			buildSettings = {
				ALWAYS_EMBED_SWIFT_STANDARD_LIBRARIES = YES;
				BUNDLE_LOADER = "$(TEST_HOST)";
				CODE_SIGN_STYLE = Automatic;
				CURRENT_PROJECT_VERSION = 1;
				DEAD_CODE_STRIPPING = YES;
				DEVELOPMENT_TEAM = BNMNXQ97LQ;
				GENERATE_INFOPLIST_FILE = YES;
				IPHONEOS_DEPLOYMENT_TARGET = 17.4;
				MACOSX_DEPLOYMENT_TARGET = 14.4;
				MARKETING_VERSION = 1.0;
				PRODUCT_BUNDLE_IDENTIFIER = com.ucb.2024.lfacTests;
				PRODUCT_NAME = "$(TARGET_NAME)";
				SDKROOT = auto;
				SUPPORTED_PLATFORMS = "iphoneos iphonesimulator macosx";
				SWIFT_EMIT_LOC_STRINGS = NO;
				SWIFT_VERSION = 5.0;
				TARGETED_DEVICE_FAMILY = "1,2";
				TEST_HOST = "$(BUILT_PRODUCTS_DIR)/lfac.app/$(BUNDLE_EXECUTABLE_FOLDER_PATH)/lfac";
			};
			name = Debug;
		};
		6F8B6C4D2BEBADE000887CE7 /* Release */ = {
			isa = XCBuildConfiguration;
			buildSettings = {
				ALWAYS_EMBED_SWIFT_STANDARD_LIBRARIES = YES;
				BUNDLE_LOADER = "$(TEST_HOST)";
				CODE_SIGN_STYLE = Automatic;
				CURRENT_PROJECT_VERSION = 1;
				DEAD_CODE_STRIPPING = YES;
				DEVELOPMENT_TEAM = BNMNXQ97LQ;
				GENERATE_INFOPLIST_FILE = YES;
				IPHONEOS_DEPLOYMENT_TARGET = 17.4;
				MACOSX_DEPLOYMENT_TARGET = 14.4;
				MARKETING_VERSION = 1.0;
				PRODUCT_BUNDLE_IDENTIFIER = com.ucb.2024.lfacTests;
				PRODUCT_NAME = "$(TARGET_NAME)";
				SDKROOT = auto;
				SUPPORTED_PLATFORMS = "iphoneos iphonesimulator macosx";
				SWIFT_EMIT_LOC_STRINGS = NO;
				SWIFT_VERSION = 5.0;
				TARGETED_DEVICE_FAMILY = "1,2";
				TEST_HOST = "$(BUILT_PRODUCTS_DIR)/lfac.app/$(BUNDLE_EXECUTABLE_FOLDER_PATH)/lfac";
			};
			name = Release;
		};
		6F8B6C4F2BEBADE000887CE7 /* Debug */ = {
			isa = XCBuildConfiguration;
			buildSettings = {
				ALWAYS_EMBED_SWIFT_STANDARD_LIBRARIES = YES;
				CODE_SIGN_STYLE = Automatic;
				CURRENT_PROJECT_VERSION = 1;
				DEAD_CODE_STRIPPING = YES;
				DEVELOPMENT_TEAM = BNMNXQ97LQ;
				GENERATE_INFOPLIST_FILE = YES;
				IPHONEOS_DEPLOYMENT_TARGET = 17.4;
				MACOSX_DEPLOYMENT_TARGET = 14.4;
				MARKETING_VERSION = 1.0;
				PRODUCT_BUNDLE_IDENTIFIER = com.ucb.2024.lfacUITests;
				PRODUCT_NAME = "$(TARGET_NAME)";
				SDKROOT = auto;
				SUPPORTED_PLATFORMS = "iphoneos iphonesimulator macosx";
				SWIFT_EMIT_LOC_STRINGS = NO;
				SWIFT_VERSION = 5.0;
				TARGETED_DEVICE_FAMILY = "1,2";
				TEST_TARGET_NAME = lfac;
			};
			name = Debug;
		};
		6F8B6C502BEBADE000887CE7 /* Release */ = {
			isa = XCBuildConfiguration;
			buildSettings = {
				ALWAYS_EMBED_SWIFT_STANDARD_LIBRARIES = YES;
				CODE_SIGN_STYLE = Automatic;
				CURRENT_PROJECT_VERSION = 1;
				DEAD_CODE_STRIPPING = YES;
				DEVELOPMENT_TEAM = BNMNXQ97LQ;
				GENERATE_INFOPLIST_FILE = YES;
				IPHONEOS_DEPLOYMENT_TARGET = 17.4;
				MACOSX_DEPLOYMENT_TARGET = 14.4;
				MARKETING_VERSION = 1.0;
				PRODUCT_BUNDLE_IDENTIFIER = com.ucb.2024.lfacUITests;
				PRODUCT_NAME = "$(TARGET_NAME)";
				SDKROOT = auto;
				SUPPORTED_PLATFORMS = "iphoneos iphonesimulator macosx";
				SWIFT_EMIT_LOC_STRINGS = NO;
				SWIFT_VERSION = 5.0;
				TARGETED_DEVICE_FAMILY = "1,2";
				TEST_TARGET_NAME = lfac;
			};
			name = Release;
		};
/* End XCBuildConfiguration section */

/* Begin XCConfigurationList section */
		6F8B6C1E2BEBADDE00887CE7 /* Build configuration list for PBXProject "lfac" */ = {
			isa = XCConfigurationList;
			buildConfigurations = (
				6F8B6C462BEBADE000887CE7 /* Debug */,
				6F8B6C472BEBADE000887CE7 /* Release */,
			);
			defaultConfigurationIsVisible = 0;
			defaultConfigurationName = Release;
		};
		6F8B6C482BEBADE000887CE7 /* Build configuration list for PBXNativeTarget "lfac" */ = {
			isa = XCConfigurationList;
			buildConfigurations = (
				6F8B6C492BEBADE000887CE7 /* Debug */,
				6F8B6C4A2BEBADE000887CE7 /* Release */,
			);
			defaultConfigurationIsVisible = 0;
			defaultConfigurationName = Release;
		};
		6F8B6C4B2BEBADE000887CE7 /* Build configuration list for PBXNativeTarget "lfacTests" */ = {
			isa = XCConfigurationList;
			buildConfigurations = (
				6F8B6C4C2BEBADE000887CE7 /* Debug */,
				6F8B6C4D2BEBADE000887CE7 /* Release */,
			);
			defaultConfigurationIsVisible = 0;
			defaultConfigurationName = Release;
		};
		6F8B6C4E2BEBADE000887CE7 /* Build configuration list for PBXNativeTarget "lfacUITests" */ = {
			isa = XCConfigurationList;
			buildConfigurations = (
				6F8B6C4F2BEBADE000887CE7 /* Debug */,
				6F8B6C502BEBADE000887CE7 /* Release */,
			);
			defaultConfigurationIsVisible = 0;
			defaultConfigurationName = Release;
		};
/* End XCConfigurationList section */
	};
	rootObject = 6F8B6C1B2BEBADDE00887CE7 /* Project object */;
}
