// !$*UTF8*$!
{
	archiveVersion = 1;
	classes = {
	};
	objectVersion = 56;
	objects = {

/* Begin PBXBuildFile section */
		6F8B6C272BEBADDE00887CE7 /* lfacApp.swift in Sources */ = {isa = PBXBuildFile; fileRef = 6F8B6C262BEBADDE00887CE7 /* lfacApp.swift */; };
		6F8B6C292BEBADDE00887CE7 /* ContentView.swift in Sources */ = {isa = PBXBuildFile; fileRef = 6F8B6C282BEBADDE00887CE7 /* ContentView.swift */; };
		6F8B6C2B2BEBADE000887CE7 /* Assets.xcassets in Resources */ = {isa = PBXBuildFile; fileRef = 6F8B6C2A2BEBADE000887CE7 /* Assets.xcassets */; };
		6F8B6C2F2BEBADE000887CE7 /* Preview Assets.xcassets in Resources */ = {isa = PBXBuildFile; fileRef = 6F8B6C2E2BEBADE000887CE7 /* Preview Assets.xcassets */; };
		6F8B6C392BEBADE000887CE7 /* lfacTests.swift in Sources */ = {isa = PBXBuildFile; fileRef = 6F8B6C382BEBADE000887CE7 /* lfacTests.swift */; };
		6F8B6C432BEBADE000887CE7 /* lfacUITests.swift in Sources */ = {isa = PBXBuildFile; fileRef = 6F8B6C422BEBADE000887CE7 /* lfacUITests.swift */; };
		6F8B6C452BEBADE000887CE7 /* lfacUITestsLaunchTests.swift in Sources */ = {isa = PBXBuildFile; fileRef = 6F8B6C442BEBADE000887CE7 /* lfacUITestsLaunchTests.swift */; };
		6F8B6C552BEBAE3600887CE7 /* GrammarController.swift in Sources */ = {isa = PBXBuildFile; fileRef = 6F8B6C542BEBAE3600887CE7 /* GrammarController.swift */; };
		6F8B6C572BEBAE5200887CE7 /* Token.swift in Sources */ = {isa = PBXBuildFile; fileRef = 6F8B6C562BEBAE5200887CE7 /* Token.swift */; };
/* End PBXBuildFile section */

/* Begin PBXContainerItemProxy section */
		6F8B6C352BEBADE000887CE7 /* PBXContainerItemProxy */ = {
			isa = PBXContainerItemProxy;
			containerPortal = 6F8B6C1B2BEBADDE00887CE7 /* Project object */;
			proxyType = 1;
			remoteGlobalIDString = 6F8B6C222BEBADDE00887CE7;
			remoteInfo = lfac;
		};
		6F8B6C3F2BEBADE000887CE7 /* PBXContainerItemProxy */ = {
			isa = PBXContainerItemProxy;
			containerPortal = 6F8B6C1B2BEBADDE00887CE7 /* Project object */;
			proxyType = 1;
			remoteGlobalIDString = 6F8B6C222BEBADDE00887CE7;
			remoteInfo = lfac;
		};
/* End PBXContainerItemProxy section */

/* Begin PBXFileReference section */
		6F8B6C232BEBADDE00887CE7 /* lfac.app */ = {isa = PBXFileReference; explicitFileType = wrapper.application; includeInIndex = 0; path = lfac.app; sourceTree = BUILT_PRODUCTS_DIR; };
		6F8B6C262BEBADDE00887CE7 /* lfacApp.swift */ = {isa = PBXFileReference; lastKnownFileType = sourcecode.swift; path = lfacApp.swift; sourceTree = "<group>"; };
		6F8B6C282BEBADDE00887CE7 /* ContentView.swift */ = {isa = PBXFileReference; lastKnownFileType = sourcecode.swift; path = ContentView.swift; sourceTree = "<group>"; };
		6F8B6C2A2BEBADE000887CE7 /* Assets.xcassets */ = {isa = PBXFileReference; lastKnownFileType = folder.assetcatalog; path = Assets.xcassets; sourceTree = "<group>"; };
		6F8B6C2C2BEBADE000887CE7 /* lfac.entitlements */ = {isa = PBXFileReference; lastKnownFileType = text.plist.entitlements; path = lfac.entitlements; sourceTree = "<group>"; };
		6F8B6C2E2BEBADE000887CE7 /* Preview Assets.xcassets */ = {isa = PBXFileReference; lastKnownFileType = folder.assetcatalog; path = "Preview Assets.xcassets"; sourceTree = "<group>"; };
		6F8B6C342BEBADE000887CE7 /* lfacTests.xctest */ = {isa = PBXFileReference; explicitFileType = wrapper.cfbundle; includeInIndex = 0; path = lfacTests.xctest; sourceTree = BUILT_PRODUCTS_DIR; };
		6F8B6C382BEBADE000887CE7 /* lfacTests.swift */ = {isa = PBXFileReference; lastKnownFileType = sourcecode.swift; path = lfacTests.swift; sourceTree = "<group>"; };
		6F8B6C3E2BEBADE000887CE7 /* lfacUITests.xctest */ = {isa = PBXFileReference; explicitFileType = wrapper.cfbundle; includeInIndex = 0; path = lfacUITests.xctest; sourceTree = BUILT_PRODUCTS_DIR; };
		6F8B6C422BEBADE000887CE7 /* lfacUITests.swift */ = {isa = PBXFileReference; lastKnownFileType = sourcecode.swift; path = lfacUITests.swift; sourceTree = "<group>"; };
		6F8B6C442BEBADE000887CE7 /* lfacUITestsLaunchTests.swift */ = {isa = PBXFileReference; lastKnownFileType = sourcecode.swift; path = lfacUITestsLaunchTests.swift; sourceTree = "<group>"; };
		6F8B6C542BEBAE3600887CE7 /* GrammarController.swift */ = {isa = PBXFileReference; lastKnownFileType = sourcecode.swift; path = GrammarController.swift; sourceTree = "<group>"; };
		6F8B6C562BEBAE5200887CE7 /* Token.swift */ = {isa = PBXFileReference; lastKnownFileType = sourcecode.swift; path = Token.swift; sourceTree = "<group>"; };
/* End PBXFileReference section */

/* Begin PBXFrameworksBuildPhase section */
		6F8B6C202BEBADDE00887CE7 /* Frameworks */ = {
			isa = PBXFrameworksBuildPhase;
			buildActionMask = 2147483647;
			files = (
			);
			runOnlyForDeploymentPostprocessing = 0;
		};
		6F8B6C312BEBADE000887CE7 /* Frameworks */ = {
			isa = PBXFrameworksBuildPhase;
			buildActionMask = 2147483647;
			files = (
			);
			runOnlyForDeploymentPostprocessing = 0;
		};
		6F8B6C3B2BEBADE000887CE7 /* Frameworks */ = {
			isa = PBXFrameworksBuildPhase;
			buildActionMask = 2147483647;
			files = (
			);
			runOnlyForDeploymentPostprocessing = 0;
		};
/* End PBXFrameworksBuildPhase section */

/* Begin PBXGroup section */
		6F8B6C1A2BEBADDE00887CE7 = {
			isa = PBXGroup;
			children = (
				6F8B6C252BEBADDE00887CE7 /* lfac */,
				6F8B6C372BEBADE000887CE7 /* lfacTests */,
				6F8B6C412BEBADE000887CE7 /* lfacUITests */,
				6F8B6C242BEBADDE00887CE7 /* Products */,
			);
			sourceTree = "<group>";
		};
		6F8B6C242BEBADDE00887CE7 /* Products */ = {
			isa = PBXGroup;
			children = (
				6F8B6C232BEBADDE00887CE7 /* lfac.app */,
				6F8B6C342BEBADE000887CE7 /* lfacTests.xctest */,
				6F8B6C3E2BEBADE000887CE7 /* lfacUITests.xctest */,
			);
			name = Products;
			sourceTree = "<group>";
		};
		6F8B6C252BEBADDE00887CE7 /* lfac */ = {
			isa = PBXGroup;
			children = (
				6F8B6C2C2BEBADE000887CE7 /* lfac.entitlements */,
				6F8B6C582BEBAE7200887CE7 /* App */,
				6F8B6C532BEBAE0900887CE7 /* Controllers */,
				6F8B6C512BEBADF300887CE7 /* Models */,
				6F8B6C522BEBADF900887CE7 /* Views */,
				6F8B6C592BEBAE8300887CE7 /* Resources */,
				6F8B6C2D2BEBADE000887CE7 /* Preview Content */,
			);
			path = lfac;
			sourceTree = "<group>";
		};
		6F8B6C2D2BEBADE000887CE7 /* Preview Content */ = {
			isa = PBXGroup;
			children = (
				6F8B6C2E2BEBADE000887CE7 /* Preview Assets.xcassets */,
			);
			path = "Preview Content";
			sourceTree = "<group>";
		};
		6F8B6C372BEBADE000887CE7 /* lfacTests */ = {
			isa = PBXGroup;
			children = (
				6F8B6C382BEBADE000887CE7 /* lfacTests.swift */,
			);
			path = lfacTests;
			sourceTree = "<group>";
		};
		6F8B6C412BEBADE000887CE7 /* lfacUITests */ = {
			isa = PBXGroup;
			children = (
				6F8B6C422BEBADE000887CE7 /* lfacUITests.swift */,
				6F8B6C442BEBADE000887CE7 /* lfacUITestsLaunchTests.swift */,
			);
			path = lfacUITests;
			sourceTree = "<group>";
		};
		6F8B6C512BEBADF300887CE7 /* Models */ = {
			isa = PBXGroup;
			children = (
				6F8B6C562BEBAE5200887CE7 /* Token.swift */,
			);
			path = Models;
			sourceTree = "<group>";
		};
		6F8B6C522BEBADF900887CE7 /* Views */ = {
			isa = PBXGroup;
			children = (
				6F8B6C282BEBADDE00887CE7 /* ContentView.swift */,
			);
			path = Views;
			sourceTree = "<group>";
		};
		6F8B6C532BEBAE0900887CE7 /* Controllers */ = {
			isa = PBXGroup;
			children = (
				6F8B6C542BEBAE3600887CE7 /* GrammarController.swift */,
			);
			path = Controllers;
			sourceTree = "<group>";
		};
		6F8B6C582BEBAE7200887CE7 /* App */ = {
			isa = PBXGroup;
			children = (
				6F8B6C262BEBADDE00887CE7 /* lfacApp.swift */,
			);
			path = App;
			sourceTree = "<group>";
		};
		6F8B6C592BEBAE8300887CE7 /* Resources */ = {
			isa = PBXGroup;
			children = (
				6F8B6C2A2BEBADE000887CE7 /* Assets.xcassets */,
			);
			path = Resources;
			sourceTree = "<group>";
		};
/* End PBXGroup section */

/* Begin PBXNativeTarget section */
		6F8B6C222BEBADDE00887CE7 /* lfac */ = {
			isa = PBXNativeTarget;
			buildConfigurationList = 6F8B6C482BEBADE000887CE7 /* Build configuration list for PBXNativeTarget "lfac" */;
			buildPhases = (
				6F8B6C1F2BEBADDE00887CE7 /* Sources */,
				6F8B6C202BEBADDE00887CE7 /* Frameworks */,
				6F8B6C212BEBADDE00887CE7 /* Resources */,
			);
			buildRules = (
			);
			dependencies = (
			);
			name = lfac;
			productName = lfac;
			productReference = 6F8B6C232BEBADDE00887CE7 /* lfac.app */;
			productType = "com.apple.product-type.application";
		};
		6F8B6C332BEBADE000887CE7 /* lfacTests */ = {
			isa = PBXNativeTarget;
			buildConfigurationList = 6F8B6C4B2BEBADE000887CE7 /* Build configuration list for PBXNativeTarget "lfacTests" */;
			buildPhases = (
				6F8B6C302BEBADE000887CE7 /* Sources */,
				6F8B6C312BEBADE000887CE7 /* Frameworks */,
				6F8B6C322BEBADE000887CE7 /* Resources */,
			);
			buildRules = (
			);
			dependencies = (
				6F8B6C362BEBADE000887CE7 /* PBXTargetDependency */,
			);
			name = lfacTests;
			productName = lfacTests;
			productReference = 6F8B6C342BEBADE000887CE7 /* lfacTests.xctest */;
			productType = "com.apple.product-type.bundle.unit-test";
		};
		6F8B6C3D2BEBADE000887CE7 /* lfacUITests */ = {
			isa = PBXNativeTarget;
			buildConfigurationList = 6F8B6C4E2BEBADE000887CE7 /* Build configuration list for PBXNativeTarget "lfacUITests" */;
			buildPhases = (
				6F8B6C3A2BEBADE000887CE7 /* Sources */,
				6F8B6C3B2BEBADE000887CE7 /* Frameworks */,
				6F8B6C3C2BEBADE000887CE7 /* Resources */,
			);
			buildRules = (
			);
			dependencies = (
				6F8B6C402BEBADE000887CE7 /* PBXTargetDependency */,
			);
			name = lfacUITests;
			productName = lfacUITests;
			productReference = 6F8B6C3E2BEBADE000887CE7 /* lfacUITests.xctest */;
			productType = "com.apple.product-type.bundle.ui-testing";
		};
/* End PBXNativeTarget section */

/* Begin PBXProject section */
		6F8B6C1B2BEBADDE00887CE7 /* Project object */ = {
			isa = PBXProject;
			attributes = {
				BuildIndependentTargetsInParallel = 1;
				LastSwiftUpdateCheck = 1530;
				LastUpgradeCheck = 1530;
				TargetAttributes = {
					6F8B6C222BEBADDE00887CE7 = {
						CreatedOnToolsVersion = 15.3;
					};
					6F8B6C332BEBADE000887CE7 = {
						CreatedOnToolsVersion = 15.3;
						TestTargetID = 6F8B6C222BEBADDE00887CE7;
					};
					6F8B6C3D2BEBADE000887CE7 = {
						CreatedOnToolsVersion = 15.3;
						TestTargetID = 6F8B6C222BEBADDE00887CE7;
					};
				};
			};
			buildConfigurationList = 6F8B6C1E2BEBADDE00887CE7 /* Build configuration list for PBXProject "lfac" */;
			compatibilityVersion = "Xcode 14.0";
			developmentRegion = en;
			hasScannedForEncodings = 0;
			knownRegions = (
				en,
				Base,
			);
			mainGroup = 6F8B6C1A2BEBADDE00887CE7;
			productRefGroup = 6F8B6C242BEBADDE00887CE7 /* Products */;
			projectDirPath = "";
			projectRoot = "";
			targets = (
				6F8B6C222BEBADDE00887CE7 /* lfac */,
				6F8B6C332BEBADE000887CE7 /* lfacTests */,
				6F8B6C3D2BEBADE000887CE7 /* lfacUITests */,
			);
		};
/* End PBXProject section */

/* Begin PBXResourcesBuildPhase section */
		6F8B6C212BEBADDE00887CE7 /* Resources */ = {
			isa = PBXResourcesBuildPhase;
			buildActionMask = 2147483647;
			files = (
				6F8B6C2F2BEBADE000887CE7 /* Preview Assets.xcassets in Resources */,
				6F8B6C2B2BEBADE000887CE7 /* Assets.xcassets in Resources */,
			);
			runOnlyForDeploymentPostprocessing = 0;
		};
		6F8B6C322BEBADE000887CE7 /* Resources */ = {
			isa = PBXResourcesBuildPhase;
			buildActionMask = 2147483647;
			files = (
			);
			runOnlyForDeploymentPostprocessing = 0;
		};
		6F8B6C3C2BEBADE000887CE7 /* Resources */ = {
			isa = PBXResourcesBuildPhase;
			buildActionMask = 2147483647;
			files = (
			);
			runOnlyForDeploymentPostprocessing = 0;
		};
/* End PBXResourcesBuildPhase section */

/* Begin PBXSourcesBuildPhase section */
		6F8B6C1F2BEBADDE00887CE7 /* Sources */ = {
			isa = PBXSourcesBuildPhase;
			buildActionMask = 2147483647;
			files = (
				6F8B6C292BEBADDE00887CE7 /* ContentView.swift in Sources */,
				6F8B6C552BEBAE3600887CE7 /* GrammarController.swift in Sources */,
				6F8B6C272BEBADDE00887CE7 /* lfacApp.swift in Sources */,
				6F8B6C572BEBAE5200887CE7 /* Token.swift in Sources */,
			);
			runOnlyForDeploymentPostprocessing = 0;
		};
		6F8B6C302BEBADE000887CE7 /* Sources */ = {
			isa = PBXSourcesBuildPhase;
			buildActionMask = 2147483647;
			files = (
				6F8B6C392BEBADE000887CE7 /* lfacTests.swift in Sources */,
			);
			runOnlyForDeploymentPostprocessing = 0;
		};
		6F8B6C3A2BEBADE000887CE7 /* Sources */ = {
			isa = PBXSourcesBuildPhase;
			buildActionMask = 2147483647;
			files = (
				6F8B6C452BEBADE000887CE7 /* lfacUITestsLaunchTests.swift in Sources */,
				6F8B6C432BEBADE000887CE7 /* lfacUITests.swift in Sources */,
			);
			runOnlyForDeploymentPostprocessing = 0;
		};
/* End PBXSourcesBuildPhase section */

/* Begin PBXTargetDependency section */
		6F8B6C362BEBADE000887CE7 /* PBXTargetDependency */ = {
			isa = PBXTargetDependency;
			target = 6F8B6C222BEBADDE00887CE7 /* lfac */;
			targetProxy = 6F8B6C352BEBADE000887CE7 /* PBXContainerItemProxy */;
		};
		6F8B6C402BEBADE000887CE7 /* PBXTargetDependency */ = {
			isa = PBXTargetDependency;
			target = 6F8B6C222BEBADDE00887CE7 /* lfac */;
			targetProxy = 6F8B6C3F2BEBADE000887CE7 /* PBXContainerItemProxy */;
		};
/* End PBXTargetDependency section */

/* Begin XCBuildConfiguration section */
		6F8B6C462BEBADE000887CE7 /* Debug */ = {
			isa = XCBuildConfiguration;
			buildSettings = {
				ALWAYS_SEARCH_USER_PATHS = NO;
				ASSETCATALOG_COMPILER_GENERATE_SWIFT_ASSET_SYMBOL_EXTENSIONS = YES;
				CLANG_ANALYZER_NONNULL = YES;
				CLANG_ANALYZER_NUMBER_OBJECT_CONVERSION = YES_AGGRESSIVE;
				CLANG_CXX_LANGUAGE_STANDARD = "gnu++20";
				CLANG_ENABLE_MODULES = YES;
				CLANG_ENABLE_OBJC_ARC = YES;
				CLANG_ENABLE_OBJC_WEAK = YES;
				CLANG_WARN_BLOCK_CAPTURE_AUTORELEASING = YES;
				CLANG_WARN_BOOL_CONVERSION = YES;
				CLANG_WARN_COMMA = YES;
				CLANG_WARN_CONSTANT_CONVERSION = YES;
				CLANG_WARN_DEPRECATED_OBJC_IMPLEMENTATIONS = YES;
				CLANG_WARN_DIRECT_OBJC_ISA_USAGE = YES_ERROR;
				CLANG_WARN_DOCUMENTATION_COMMENTS = YES;
				CLANG_WARN_EMPTY_BODY = YES;
				CLANG_WARN_ENUM_CONVERSION = YES;
				CLANG_WARN_INFINITE_RECURSION = YES;
				CLANG_WARN_INT_CONVERSION = YES;
				CLANG_WARN_NON_LITERAL_NULL_CONVERSION = YES;
				CLANG_WARN_OBJC_IMPLICIT_RETAIN_SELF = YES;
				CLANG_WARN_OBJC_LITERAL_CONVERSION = YES;
				CLANG_WARN_OBJC_ROOT_CLASS = YES_ERROR;
				CLANG_WARN_QUOTED_INCLUDE_IN_FRAMEWORK_HEADER = YES;
				CLANG_WARN_RANGE_LOOP_ANALYSIS = YES;
				CLANG_WARN_STRICT_PROTOTYPES = YES;
				CLANG_WARN_SUSPICIOUS_MOVE = YES;
				CLANG_WARN_UNGUARDED_AVAILABILITY = YES_AGGRESSIVE;
				CLANG_WARN_UNREACHABLE_CODE = YES;
				CLANG_WARN__DUPLICATE_METHOD_MATCH = YES;
				COPY_PHASE_STRIP = NO;
				DEBUG_INFORMATION_FORMAT = dwarf;
				ENABLE_STRICT_OBJC_MSGSEND = YES;
				ENABLE_TESTABILITY = YES;
				ENABLE_USER_SCRIPT_SANDBOXING = YES;
				GCC_C_LANGUAGE_STANDARD = gnu17;
				GCC_DYNAMIC_NO_PIC = NO;
				GCC_NO_COMMON_BLOCKS = YES;
				GCC_OPTIMIZATION_LEVEL = 0;
				GCC_PREPROCESSOR_DEFINITIONS = (
					"DEBUG=1",
					"$(inherited)",
				);
				GCC_WARN_64_TO_32_BIT_CONVERSION = YES;
				GCC_WARN_ABOUT_RETURN_TYPE = YES_ERROR;
				GCC_WARN_UNDECLARED_SELECTOR = YES;
				GCC_WARN_UNINITIALIZED_AUTOS = YES_AGGRESSIVE;
				GCC_WARN_UNUSED_FUNCTION = YES;
				GCC_WARN_UNUSED_VARIABLE = YES;
				LOCALIZATION_PREFERS_STRING_CATALOGS = YES;
				MTL_ENABLE_DEBUG_INFO = INCLUDE_SOURCE;
				MTL_FAST_MATH = YES;
				ONLY_ACTIVE_ARCH = YES;
				SWIFT_ACTIVE_COMPILATION_CONDITIONS = "DEBUG $(inherited)";
				SWIFT_OPTIMIZATION_LEVEL = "-Onone";
			};
			name = Debug;
		};
		6F8B6C472BEBADE000887CE7 /* Release */ = {
			isa = XCBuildConfiguration;
			buildSettings = {
				ALWAYS_SEARCH_USER_PATHS = NO;
				ASSETCATALOG_COMPILER_GENERATE_SWIFT_ASSET_SYMBOL_EXTENSIONS = YES;
				CLANG_ANALYZER_NONNULL = YES;
				CLANG_ANALYZER_NUMBER_OBJECT_CONVERSION = YES_AGGRESSIVE;
				CLANG_CXX_LANGUAGE_STANDARD = "gnu++20";
				CLANG_ENABLE_MODULES = YES;
				CLANG_ENABLE_OBJC_ARC = YES;
				CLANG_ENABLE_OBJC_WEAK = YES;
				CLANG_WARN_BLOCK_CAPTURE_AUTORELEASING = YES;
				CLANG_WARN_BOOL_CONVERSION = YES;
				CLANG_WARN_COMMA = YES;
				CLANG_WARN_CONSTANT_CONVERSION = YES;
				CLANG_WARN_DEPRECATED_OBJC_IMPLEMENTATIONS = YES;
				CLANG_WARN_DIRECT_OBJC_ISA_USAGE = YES_ERROR;
				CLANG_WARN_DOCUMENTATION_COMMENTS = YES;
				CLANG_WARN_EMPTY_BODY = YES;
				CLANG_WARN_ENUM_CONVERSION = YES;
				CLANG_WARN_INFINITE_RECURSION = YES;
				CLANG_WARN_INT_CONVERSION = YES;
				CLANG_WARN_NON_LITERAL_NULL_CONVERSION = YES;
				CLANG_WARN_OBJC_IMPLICIT_RETAIN_SELF = YES;
				CLANG_WARN_OBJC_LITERAL_CONVERSION = YES;
				CLANG_WARN_OBJC_ROOT_CLASS = YES_ERROR;
				CLANG_WARN_QUOTED_INCLUDE_IN_FRAMEWORK_HEADER = YES;
				CLANG_WARN_RANGE_LOOP_ANALYSIS = YES;
				CLANG_WARN_STRICT_PROTOTYPES = YES;
				CLANG_WARN_SUSPICIOUS_MOVE = YES;
				CLANG_WARN_UNGUARDED_AVAILABILITY = YES_AGGRESSIVE;
				CLANG_WARN_UNREACHABLE_CODE = YES;
				CLANG_WARN__DUPLICATE_METHOD_MATCH = YES;
				COPY_PHASE_STRIP = NO;
				DEBUG_INFORMATION_FORMAT = "dwarf-with-dsym";
				ENABLE_NS_ASSERTIONS = NO;
				ENABLE_STRICT_OBJC_MSGSEND = YES;
				ENABLE_USER_SCRIPT_SANDBOXING = YES;
				GCC_C_LANGUAGE_STANDARD = gnu17;
				GCC_NO_COMMON_BLOCKS = YES;
				GCC_WARN_64_TO_32_BIT_CONVERSION = YES;
				GCC_WARN_ABOUT_RETURN_TYPE = YES_ERROR;
				GCC_WARN_UNDECLARED_SELECTOR = YES;
				GCC_WARN_UNINITIALIZED_AUTOS = YES_AGGRESSIVE;
				GCC_WARN_UNUSED_FUNCTION = YES;
				GCC_WARN_UNUSED_VARIABLE = YES;
				LOCALIZATION_PREFERS_STRING_CATALOGS = YES;
				MTL_ENABLE_DEBUG_INFO = NO;
				MTL_FAST_MATH = YES;
				SWIFT_COMPILATION_MODE = wholemodule;
			};
			name = Release;
		};
		6F8B6C492BEBADE000887CE7 /* Debug */ = {
			isa = XCBuildConfiguration;
			buildSettings = {
				ASSETCATALOG_COMPILER_APPICON_NAME = AppIcon;
				ASSETCATALOG_COMPILER_GLOBAL_ACCENT_COLOR_NAME = AccentColor;
				CODE_SIGN_ENTITLEMENTS = lfac/lfac.entitlements;
				CODE_SIGN_STYLE = Automatic;
				CURRENT_PROJECT_VERSION = 1;
				DEVELOPMENT_ASSET_PATHS = "\"lfac/Preview Content\"";
				DEVELOPMENT_TEAM = K328B98U3F;
				ENABLE_HARDENED_RUNTIME = YES;
				ENABLE_PREVIEWS = YES;
				GENERATE_INFOPLIST_FILE = YES;
				"INFOPLIST_KEY_UIApplicationSceneManifest_Generation[sdk=iphoneos*]" = YES;
				"INFOPLIST_KEY_UIApplicationSceneManifest_Generation[sdk=iphonesimulator*]" = YES;
				"INFOPLIST_KEY_UIApplicationSupportsIndirectInputEvents[sdk=iphoneos*]" = YES;
				"INFOPLIST_KEY_UIApplicationSupportsIndirectInputEvents[sdk=iphonesimulator*]" = YES;
				"INFOPLIST_KEY_UILaunchScreen_Generation[sdk=iphoneos*]" = YES;
				"INFOPLIST_KEY_UILaunchScreen_Generation[sdk=iphonesimulator*]" = YES;
				"INFOPLIST_KEY_UIStatusBarStyle[sdk=iphoneos*]" = UIStatusBarStyleDefault;
				"INFOPLIST_KEY_UIStatusBarStyle[sdk=iphonesimulator*]" = UIStatusBarStyleDefault;
				INFOPLIST_KEY_UISupportedInterfaceOrientations_iPad = "UIInterfaceOrientationPortrait UIInterfaceOrientationPortraitUpsideDown UIInterfaceOrientationLandscapeLeft UIInterfaceOrientationLandscapeRight";
				INFOPLIST_KEY_UISupportedInterfaceOrientations_iPhone = "UIInterfaceOrientationPortrait UIInterfaceOrientationLandscapeLeft UIInterfaceOrientationLandscapeRight";
				IPHONEOS_DEPLOYMENT_TARGET = 17.4;
				LD_RUNPATH_SEARCH_PATHS = "@executable_path/Frameworks";
				"LD_RUNPATH_SEARCH_PATHS[sdk=macosx*]" = "@executable_path/../Frameworks";
				MACOSX_DEPLOYMENT_TARGET = 14.4;
				MARKETING_VERSION = 1.0;
				PRODUCT_BUNDLE_IDENTIFIER = com.ucb.2024.lfac;
				PRODUCT_NAME = "$(TARGET_NAME)";
				SDKROOT = auto;
				SUPPORTED_PLATFORMS = "iphoneos iphonesimulator macosx";
				SWIFT_EMIT_LOC_STRINGS = YES;
				SWIFT_VERSION = 5.0;
				TARGETED_DEVICE_FAMILY = "1,2";
			};
			name = Debug;
		};
		6F8B6C4A2BEBADE000887CE7 /* Release */ = {
			isa = XCBuildConfiguration;
			buildSettings = {
				ASSETCATALOG_COMPILER_APPICON_NAME = AppIcon;
				ASSETCATALOG_COMPILER_GLOBAL_ACCENT_COLOR_NAME = AccentColor;
				CODE_SIGN_ENTITLEMENTS = lfac/lfac.entitlements;
				CODE_SIGN_STYLE = Automatic;
				CURRENT_PROJECT_VERSION = 1;
				DEVELOPMENT_ASSET_PATHS = "\"lfac/Preview Content\"";
				DEVELOPMENT_TEAM = K328B98U3F;
				ENABLE_HARDENED_RUNTIME = YES;
				ENABLE_PREVIEWS = YES;
				GENERATE_INFOPLIST_FILE = YES;
				"INFOPLIST_KEY_UIApplicationSceneManifest_Generation[sdk=iphoneos*]" = YES;
				"INFOPLIST_KEY_UIApplicationSceneManifest_Generation[sdk=iphonesimulator*]" = YES;
				"INFOPLIST_KEY_UIApplicationSupportsIndirectInputEvents[sdk=iphoneos*]" = YES;
				"INFOPLIST_KEY_UIApplicationSupportsIndirectInputEvents[sdk=iphonesimulator*]" = YES;
				"INFOPLIST_KEY_UILaunchScreen_Generation[sdk=iphoneos*]" = YES;
				"INFOPLIST_KEY_UILaunchScreen_Generation[sdk=iphonesimulator*]" = YES;
				"INFOPLIST_KEY_UIStatusBarStyle[sdk=iphoneos*]" = UIStatusBarStyleDefault;
				"INFOPLIST_KEY_UIStatusBarStyle[sdk=iphonesimulator*]" = UIStatusBarStyleDefault;
				INFOPLIST_KEY_UISupportedInterfaceOrientations_iPad = "UIInterfaceOrientationPortrait UIInterfaceOrientationPortraitUpsideDown UIInterfaceOrientationLandscapeLeft UIInterfaceOrientationLandscapeRight";
				INFOPLIST_KEY_UISupportedInterfaceOrientations_iPhone = "UIInterfaceOrientationPortrait UIInterfaceOrientationLandscapeLeft UIInterfaceOrientationLandscapeRight";
				IPHONEOS_DEPLOYMENT_TARGET = 17.4;
				LD_RUNPATH_SEARCH_PATHS = "@executable_path/Frameworks";
				"LD_RUNPATH_SEARCH_PATHS[sdk=macosx*]" = "@executable_path/../Frameworks";
				MACOSX_DEPLOYMENT_TARGET = 14.4;
				MARKETING_VERSION = 1.0;
				PRODUCT_BUNDLE_IDENTIFIER = com.ucb.2024.lfac;
				PRODUCT_NAME = "$(TARGET_NAME)";
				SDKROOT = auto;
				SUPPORTED_PLATFORMS = "iphoneos iphonesimulator macosx";
				SWIFT_EMIT_LOC_STRINGS = YES;
				SWIFT_VERSION = 5.0;
				TARGETED_DEVICE_FAMILY = "1,2";
			};
			name = Release;
		};
		6F8B6C4C2BEBADE000887CE7 /* Debug */ = {
			isa = XCBuildConfiguration;
			buildSettings = {
				ALWAYS_EMBED_SWIFT_STANDARD_LIBRARIES = YES;
				BUNDLE_LOADER = "$(TEST_HOST)";
				CODE_SIGN_STYLE = Automatic;
				CURRENT_PROJECT_VERSION = 1;
				DEVELOPMENT_TEAM = K328B98U3F;
				GENERATE_INFOPLIST_FILE = YES;
				IPHONEOS_DEPLOYMENT_TARGET = 17.4;
				MACOSX_DEPLOYMENT_TARGET = 14.4;
				MARKETING_VERSION = 1.0;
				PRODUCT_BUNDLE_IDENTIFIER = com.ucb.2024.lfacTests;
				PRODUCT_NAME = "$(TARGET_NAME)";
				SDKROOT = auto;
				SUPPORTED_PLATFORMS = "iphoneos iphonesimulator macosx";
				SWIFT_EMIT_LOC_STRINGS = NO;
				SWIFT_VERSION = 5.0;
				TARGETED_DEVICE_FAMILY = "1,2";
				TEST_HOST = "$(BUILT_PRODUCTS_DIR)/lfac.app/$(BUNDLE_EXECUTABLE_FOLDER_PATH)/lfac";
			};
			name = Debug;
		};
		6F8B6C4D2BEBADE000887CE7 /* Release */ = {
			isa = XCBuildConfiguration;
			buildSettings = {
				ALWAYS_EMBED_SWIFT_STANDARD_LIBRARIES = YES;
				BUNDLE_LOADER = "$(TEST_HOST)";
				CODE_SIGN_STYLE = Automatic;
				CURRENT_PROJECT_VERSION = 1;
				DEVELOPMENT_TEAM = K328B98U3F;
				GENERATE_INFOPLIST_FILE = YES;
				IPHONEOS_DEPLOYMENT_TARGET = 17.4;
				MACOSX_DEPLOYMENT_TARGET = 14.4;
				MARKETING_VERSION = 1.0;
				PRODUCT_BUNDLE_IDENTIFIER = com.ucb.2024.lfacTests;
				PRODUCT_NAME = "$(TARGET_NAME)";
				SDKROOT = auto;
				SUPPORTED_PLATFORMS = "iphoneos iphonesimulator macosx";
				SWIFT_EMIT_LOC_STRINGS = NO;
				SWIFT_VERSION = 5.0;
				TARGETED_DEVICE_FAMILY = "1,2";
				TEST_HOST = "$(BUILT_PRODUCTS_DIR)/lfac.app/$(BUNDLE_EXECUTABLE_FOLDER_PATH)/lfac";
			};
			name = Release;
		};
		6F8B6C4F2BEBADE000887CE7 /* Debug */ = {
			isa = XCBuildConfiguration;
			buildSettings = {
				ALWAYS_EMBED_SWIFT_STANDARD_LIBRARIES = YES;
				CODE_SIGN_STYLE = Automatic;
				CURRENT_PROJECT_VERSION = 1;
				DEVELOPMENT_TEAM = K328B98U3F;
				GENERATE_INFOPLIST_FILE = YES;
				IPHONEOS_DEPLOYMENT_TARGET = 17.4;
				MACOSX_DEPLOYMENT_TARGET = 14.4;
				MARKETING_VERSION = 1.0;
				PRODUCT_BUNDLE_IDENTIFIER = com.ucb.2024.lfacUITests;
				PRODUCT_NAME = "$(TARGET_NAME)";
				SDKROOT = auto;
				SUPPORTED_PLATFORMS = "iphoneos iphonesimulator macosx";
				SWIFT_EMIT_LOC_STRINGS = NO;
				SWIFT_VERSION = 5.0;
				TARGETED_DEVICE_FAMILY = "1,2";
				TEST_TARGET_NAME = lfac;
			};
			name = Debug;
		};
		6F8B6C502BEBADE000887CE7 /* Release */ = {
			isa = XCBuildConfiguration;
			buildSettings = {
				ALWAYS_EMBED_SWIFT_STANDARD_LIBRARIES = YES;
				CODE_SIGN_STYLE = Automatic;
				CURRENT_PROJECT_VERSION = 1;
				DEVELOPMENT_TEAM = K328B98U3F;
				GENERATE_INFOPLIST_FILE = YES;
				IPHONEOS_DEPLOYMENT_TARGET = 17.4;
				MACOSX_DEPLOYMENT_TARGET = 14.4;
				MARKETING_VERSION = 1.0;
				PRODUCT_BUNDLE_IDENTIFIER = com.ucb.2024.lfacUITests;
				PRODUCT_NAME = "$(TARGET_NAME)";
				SDKROOT = auto;
				SUPPORTED_PLATFORMS = "iphoneos iphonesimulator macosx";
				SWIFT_EMIT_LOC_STRINGS = NO;
				SWIFT_VERSION = 5.0;
				TARGETED_DEVICE_FAMILY = "1,2";
				TEST_TARGET_NAME = lfac;
			};
			name = Release;
		};
/* End XCBuildConfiguration section */

/* Begin XCConfigurationList section */
		6F8B6C1E2BEBADDE00887CE7 /* Build configuration list for PBXProject "lfac" */ = {
			isa = XCConfigurationList;
			buildConfigurations = (
				6F8B6C462BEBADE000887CE7 /* Debug */,
				6F8B6C472BEBADE000887CE7 /* Release */,
			);
			defaultConfigurationIsVisible = 0;
			defaultConfigurationName = Release;
		};
		6F8B6C482BEBADE000887CE7 /* Build configuration list for PBXNativeTarget "lfac" */ = {
			isa = XCConfigurationList;
			buildConfigurations = (
				6F8B6C492BEBADE000887CE7 /* Debug */,
				6F8B6C4A2BEBADE000887CE7 /* Release */,
			);
			defaultConfigurationIsVisible = 0;
			defaultConfigurationName = Release;
		};
		6F8B6C4B2BEBADE000887CE7 /* Build configuration list for PBXNativeTarget "lfacTests" */ = {
			isa = XCConfigurationList;
			buildConfigurations = (
				6F8B6C4C2BEBADE000887CE7 /* Debug */,
				6F8B6C4D2BEBADE000887CE7 /* Release */,
			);
			defaultConfigurationIsVisible = 0;
			defaultConfigurationName = Release;
		};
		6F8B6C4E2BEBADE000887CE7 /* Build configuration list for PBXNativeTarget "lfacUITests" */ = {
			isa = XCConfigurationList;
			buildConfigurations = (
				6F8B6C4F2BEBADE000887CE7 /* Debug */,
				6F8B6C502BEBADE000887CE7 /* Release */,
			);
			defaultConfigurationIsVisible = 0;
			defaultConfigurationName = Release;
		};
/* End XCConfigurationList section */
	};
	rootObject = 6F8B6C1B2BEBADDE00887CE7 /* Project object */;
}
